{
  "lockfileVersion": 1,
  "workspaces": {
    "": {
      "name": "course-mate",
      "dependencies": {
        "@hookform/resolvers": "^3.9.1",
        "@types/bun": "^1.1.10",
        "cspell": "^8.14.4",
        "lefthook": "^1.8.2",
        "react-hook-form": "^7.53.2",
        "typescript": "^5.6.2",
        "zod": "^3.23.8",
      },
      "devDependencies": {
        "@biomejs/biome": "^1.9.1",
        "husky": "^9.1.4",
        "lint-staged": "^15.2.10",
      },
    },
  },
  "trustedDependencies": [
    "@biomejs/biome",
    "lefthook",
  ],
  "packages": {
    "@biomejs/biome": ["@biomejs/biome@1.9.4", "", { "optionalDependencies": { "@biomejs/cli-darwin-arm64": "1.9.4", "@biomejs/cli-darwin-x64": "1.9.4", "@biomejs/cli-linux-arm64": "1.9.4", "@biomejs/cli-linux-arm64-musl": "1.9.4", "@biomejs/cli-linux-x64": "1.9.4", "@biomejs/cli-linux-x64-musl": "1.9.4", "@biomejs/cli-win32-arm64": "1.9.4", "@biomejs/cli-win32-x64": "1.9.4" }, "bin": { "biome": "bin/biome" } }, "sha512-1rkd7G70+o9KkTn5KLmDYXihGoTaIGO9PIIN2ZB7UJxFrWw04CZHPYiMRjYsaDvVV7hP1dYNRLxSANLaBFGpog=="],

    "@biomejs/cli-darwin-arm64": ["@biomejs/cli-darwin-arm64@1.9.4", "", { "os": "darwin", "cpu": "arm64" }, "sha512-bFBsPWrNvkdKrNCYeAp+xo2HecOGPAy9WyNyB/jKnnedgzl4W4Hb9ZMzYNbf8dMCGmUdSavlYHiR01QaYR58cw=="],

    "@biomejs/cli-darwin-x64": ["@biomejs/cli-darwin-x64@1.9.4", "", { "os": "darwin", "cpu": "x64" }, "sha512-ngYBh/+bEedqkSevPVhLP4QfVPCpb+4BBe2p7Xs32dBgs7rh9nY2AIYUL6BgLw1JVXV8GlpKmb/hNiuIxfPfZg=="],

    "@biomejs/cli-linux-arm64": ["@biomejs/cli-linux-arm64@1.9.4", "", { "os": "linux", "cpu": "arm64" }, "sha512-fJIW0+LYujdjUgJJuwesP4EjIBl/N/TcOX3IvIHJQNsAqvV2CHIogsmA94BPG6jZATS4Hi+xv4SkBBQSt1N4/g=="],

    "@biomejs/cli-linux-arm64-musl": ["@biomejs/cli-linux-arm64-musl@1.9.4", "", { "os": "linux", "cpu": "arm64" }, "sha512-v665Ct9WCRjGa8+kTr0CzApU0+XXtRgwmzIf1SeKSGAv+2scAlW6JR5PMFo6FzqqZ64Po79cKODKf3/AAmECqA=="],

    "@biomejs/cli-linux-x64": ["@biomejs/cli-linux-x64@1.9.4", "", { "os": "linux", "cpu": "x64" }, "sha512-lRCJv/Vi3Vlwmbd6K+oQ0KhLHMAysN8lXoCI7XeHlxaajk06u7G+UsFSO01NAs5iYuWKmVZjmiOzJ0OJmGsMwg=="],

    "@biomejs/cli-linux-x64-musl": ["@biomejs/cli-linux-x64-musl@1.9.4", "", { "os": "linux", "cpu": "x64" }, "sha512-gEhi/jSBhZ2m6wjV530Yy8+fNqG8PAinM3oV7CyO+6c3CEh16Eizm21uHVsyVBEB6RIM8JHIl6AGYCv6Q6Q9Tg=="],

    "@biomejs/cli-win32-arm64": ["@biomejs/cli-win32-arm64@1.9.4", "", { "os": "win32", "cpu": "arm64" }, "sha512-tlbhLk+WXZmgwoIKwHIHEBZUwxml7bRJgk0X2sPyNR3S93cdRq6XulAZRQJ17FYGGzWne0fgrXBKpl7l4M87Hg=="],

    "@biomejs/cli-win32-x64": ["@biomejs/cli-win32-x64@1.9.4", "", { "os": "win32", "cpu": "x64" }, "sha512-8Y5wMhVIPaWe6jw2H+KlEm4wP/f7EW3810ZLmDlrEEy5KvBsb9ECEfu/kMWD484ijfQ8+nIi0giMgu9g1UAuuA=="],

    "@cspell/cspell-bundled-dicts": ["@cspell/cspell-bundled-dicts@8.17.3", "", { "dependencies": { "@cspell/dict-ada": "^4.1.0", "@cspell/dict-al": "^1.1.0", "@cspell/dict-aws": "^4.0.9", "@cspell/dict-bash": "^4.2.0", "@cspell/dict-companies": "^3.1.13", "@cspell/dict-cpp": "^6.0.3", "@cspell/dict-cryptocurrencies": "^5.0.4", "@cspell/dict-csharp": "^4.0.6", "@cspell/dict-css": "^4.0.17", "@cspell/dict-dart": "^2.3.0", "@cspell/dict-data-science": "^2.0.7", "@cspell/dict-django": "^4.1.4", "@cspell/dict-docker": "^1.1.12", "@cspell/dict-dotnet": "^5.0.9", "@cspell/dict-elixir": "^4.0.7", "@cspell/dict-en-common-misspellings": "^2.0.9", "@cspell/dict-en-gb": "1.1.33", "@cspell/dict-en_us": "^4.3.30", "@cspell/dict-filetypes": "^3.0.10", "@cspell/dict-flutter": "^1.1.0", "@cspell/dict-fonts": "^4.0.4", "@cspell/dict-fsharp": "^1.1.0", "@cspell/dict-fullstack": "^3.2.3", "@cspell/dict-gaming-terms": "^1.1.0", "@cspell/dict-git": "^3.0.4", "@cspell/dict-golang": "^6.0.18", "@cspell/dict-google": "^1.0.8", "@cspell/dict-haskell": "^4.0.5", "@cspell/dict-html": "^4.0.11", "@cspell/dict-html-symbol-entities": "^4.0.3", "@cspell/dict-java": "^5.0.11", "@cspell/dict-julia": "^1.1.0", "@cspell/dict-k8s": "^1.0.10", "@cspell/dict-kotlin": "^1.1.0", "@cspell/dict-latex": "^4.0.3", "@cspell/dict-lorem-ipsum": "^4.0.4", "@cspell/dict-lua": "^4.0.7", "@cspell/dict-makefile": "^1.0.4", "@cspell/dict-markdown": "^2.0.9", "@cspell/dict-monkeyc": "^1.0.10", "@cspell/dict-node": "^5.0.6", "@cspell/dict-npm": "^5.1.24", "@cspell/dict-php": "^4.0.14", "@cspell/dict-powershell": "^5.0.14", "@cspell/dict-public-licenses": "^2.0.13", "@cspell/dict-python": "^4.2.15", "@cspell/dict-r": "^2.1.0", "@cspell/dict-ruby": "^5.0.7", "@cspell/dict-rust": "^4.0.11", "@cspell/dict-scala": "^5.0.7", "@cspell/dict-shell": "^1.1.0", "@cspell/dict-software-terms": "^4.2.4", "@cspell/dict-sql": "^2.2.0", "@cspell/dict-svelte": "^1.0.6", "@cspell/dict-swift": "^2.0.5", "@cspell/dict-terraform": "^1.1.0", "@cspell/dict-typescript": "^3.2.0", "@cspell/dict-vue": "^3.0.4" } }, "sha512-6uOF726o3JnExAUKM20OJJXZo+Qf9Jt64nkVwnVXx7Upqr5I9Pb1npYPEAIpUA03SnWYmKwUIqhAmkwrN+bLPA=="],

    "@cspell/cspell-json-reporter": ["@cspell/cspell-json-reporter@8.17.3", "", { "dependencies": { "@cspell/cspell-types": "8.17.3" } }, "sha512-RWSfyHOin/d9CqLjz00JMvPkag3yUSsQZr6G9BnCT5cMEO/ws8wQZzA54CNj/LAOccbknTX65SSroPPAtxs56w=="],

    "@cspell/cspell-pipe": ["@cspell/cspell-pipe@8.17.3", "", {}, "sha512-DqqSWKt9NLWPGloYxZTpzUhgdW8ObMkZmOOF6TyqpJ4IbckEct8ULgskNorTNRlmmjLniaNgvg6JSHuYO3Urxw=="],

    "@cspell/cspell-resolver": ["@cspell/cspell-resolver@8.17.3", "", { "dependencies": { "global-directory": "^4.0.1" } }, "sha512-yQlVaIsWiax6RRuuacZs++kl6Y9rwH9ZkVlsG9fhdeCJ5Xf3WCW+vmX1chzhhKDzRr8CF9fsvb1uagd/5/bBYA=="],

    "@cspell/cspell-service-bus": ["@cspell/cspell-service-bus@8.17.3", "", {}, "sha512-CC3nob/Kbuesz5WTW+LjAHnDFXJrA49pW5ckmbufJxNnoAk7EJez/qr7/ELMTf6Fl3A5xZ776Lhq7738Hy/fmQ=="],

    "@cspell/cspell-types": ["@cspell/cspell-types@8.17.3", "", {}, "sha512-ozgeuSioX9z2wtlargfgdw3LKwDFAfm8gxu+xwNREvXiLsevb+lb7ZlY5/ay+MahqR5Hfs7XzYzBLTKL/ldn9g=="],

    "@cspell/dict-ada": ["@cspell/dict-ada@4.1.0", "", {}, "sha512-7SvmhmX170gyPd+uHXrfmqJBY5qLcCX8kTGURPVeGxmt8XNXT75uu9rnZO+jwrfuU2EimNoArdVy5GZRGljGNg=="],

    "@cspell/dict-al": ["@cspell/dict-al@1.1.0", "", {}, "sha512-PtNI1KLmYkELYltbzuoztBxfi11jcE9HXBHCpID2lou/J4VMYKJPNqe4ZjVzSI9NYbMnMnyG3gkbhIdx66VSXg=="],

    "@cspell/dict-aws": ["@cspell/dict-aws@4.0.9", "", {}, "sha512-bDYdnnJGwSkIZ4gzrauu7qzOs/ZAY/FnU4k11LgdMI8BhwMfsbsy2EI1iS+sD/BI5ZnNT9kU5YR3WADeNOmhRg=="],

    "@cspell/dict-bash": ["@cspell/dict-bash@4.2.0", "", { "dependencies": { "@cspell/dict-shell": "1.1.0" } }, "sha512-HOyOS+4AbCArZHs/wMxX/apRkjxg6NDWdt0jF9i9XkvJQUltMwEhyA2TWYjQ0kssBsnof+9amax2lhiZnh3kCg=="],

    "@cspell/dict-companies": ["@cspell/dict-companies@3.1.13", "", {}, "sha512-EAaFMxnSG4eQKup9D81EnWAYIzorLWG7b7Zzf+Suu0bVeFBpCYESss/EWtnmb5ZZNfKAGxtoMqfL3vRfyJERIQ=="],

    "@cspell/dict-cpp": ["@cspell/dict-cpp@6.0.3", "", {}, "sha512-OFrVXdxCeGKnon36Pe3yFjBuY4kzzEwWFf3vDz+cJTodZDkjFkBifQeTtt5YfimgF8cfAJZXkBCsxjipAgmAiw=="],

    "@cspell/dict-cryptocurrencies": ["@cspell/dict-cryptocurrencies@5.0.4", "", {}, "sha512-6iFu7Abu+4Mgqq08YhTKHfH59mpMpGTwdzDB2Y8bbgiwnGFCeoiSkVkgLn1Kel2++hYcZ8vsAW/MJS9oXxuMag=="],

    "@cspell/dict-csharp": ["@cspell/dict-csharp@4.0.6", "", {}, "sha512-w/+YsqOknjQXmIlWDRmkW+BHBPJZ/XDrfJhZRQnp0wzpPOGml7W0q1iae65P2AFRtTdPKYmvSz7AL5ZRkCnSIw=="],

    "@cspell/dict-css": ["@cspell/dict-css@4.0.17", "", {}, "sha512-2EisRLHk6X/PdicybwlajLGKF5aJf4xnX2uuG5lexuYKt05xV/J/OiBADmi8q9obhxf1nesrMQbqAt+6CsHo/w=="],

    "@cspell/dict-dart": ["@cspell/dict-dart@2.3.0", "", {}, "sha512-1aY90lAicek8vYczGPDKr70pQSTQHwMFLbmWKTAI6iavmb1fisJBS1oTmMOKE4ximDf86MvVN6Ucwx3u/8HqLg=="],

    "@cspell/dict-data-science": ["@cspell/dict-data-science@2.0.7", "", {}, "sha512-XhAkK+nSW6zmrnWzusmZ1BpYLc62AWYHZc2p17u4nE2Z9XG5DleG55PCZxXQTKz90pmwlhFM9AfpkJsYaBWATA=="],

    "@cspell/dict-django": ["@cspell/dict-django@4.1.4", "", {}, "sha512-fX38eUoPvytZ/2GA+g4bbdUtCMGNFSLbdJJPKX2vbewIQGfgSFJKY56vvcHJKAvw7FopjvgyS/98Ta9WN1gckg=="],

    "@cspell/dict-docker": ["@cspell/dict-docker@1.1.12", "", {}, "sha512-6d25ZPBnYZaT9D9An/x6g/4mk542R8bR3ipnby3QFCxnfdd6xaWiTcwDPsCgwN2aQZIQ1jX/fil9KmBEqIK/qA=="],

    "@cspell/dict-dotnet": ["@cspell/dict-dotnet@5.0.9", "", {}, "sha512-JGD6RJW5sHtO5lfiJl11a5DpPN6eKSz5M1YBa1I76j4dDOIqgZB6rQexlDlK1DH9B06X4GdDQwdBfnpAB0r2uQ=="],

    "@cspell/dict-elixir": ["@cspell/dict-elixir@4.0.7", "", {}, "sha512-MAUqlMw73mgtSdxvbAvyRlvc3bYnrDqXQrx5K9SwW8F7fRYf9V4vWYFULh+UWwwkqkhX9w03ZqFYRTdkFku6uA=="],

    "@cspell/dict-en-common-misspellings": ["@cspell/dict-en-common-misspellings@2.0.9", "", {}, "sha512-O/jAr1VNtuyCFckbTmpeEf43ZFWVD9cJFvWaA6rO2IVmLirJViHWJUyBZOuQcesSplzEIw80MAYmnK06/MDWXQ=="],

    "@cspell/dict-en-gb": ["@cspell/dict-en-gb@1.1.33", "", {}, "sha512-tKSSUf9BJEV+GJQAYGw5e+ouhEe2ZXE620S7BLKe3ZmpnjlNG9JqlnaBhkIMxKnNFkLY2BP/EARzw31AZnOv4g=="],

    "@cspell/dict-en_us": ["@cspell/dict-en_us@4.3.30", "", {}, "sha512-p0G5fByj5fUnMyFUlkN3kaqE3nuQkqpYV47Gn9n8k2TszsdLY55xj9UoFE4YIcjOiyU1bR/YDJ5daiPMYXTJ/A=="],

    "@cspell/dict-filetypes": ["@cspell/dict-filetypes@3.0.10", "", {}, "sha512-JEN3627joBVtpa1yfkdN9vz1Z129PoKGHBKjXCEziJvf2Zt1LeULWYYYg/O6pzRR4yzRa5YbXDTuyrN7vX7DFg=="],

    "@cspell/dict-flutter": ["@cspell/dict-flutter@1.1.0", "", {}, "sha512-3zDeS7zc2p8tr9YH9tfbOEYfopKY/srNsAa+kE3rfBTtQERAZeOhe5yxrnTPoufctXLyuUtcGMUTpxr3dO0iaA=="],

    "@cspell/dict-fonts": ["@cspell/dict-fonts@4.0.4", "", {}, "sha512-cHFho4hjojBcHl6qxidl9CvUb492IuSk7xIf2G2wJzcHwGaCFa2o3gRcxmIg1j62guetAeDDFELizDaJlVRIOg=="],

    "@cspell/dict-fsharp": ["@cspell/dict-fsharp@1.1.0", "", {}, "sha512-oguWmHhGzgbgbEIBKtgKPrFSVAFtvGHaQS0oj+vacZqMObwkapcTGu7iwf4V3Bc2T3caf0QE6f6rQfIJFIAVsw=="],

    "@cspell/dict-fullstack": ["@cspell/dict-fullstack@3.2.3", "", {}, "sha512-62PbndIyQPH11mAv0PyiyT0vbwD0AXEocPpHlCHzfb5v9SspzCCbzQ/LIBiFmyRa+q5LMW35CnSVu6OXdT+LKg=="],

    "@cspell/dict-gaming-terms": ["@cspell/dict-gaming-terms@1.1.0", "", {}, "sha512-46AnDs9XkgJ2f1Sqol1WgfJ8gOqp60fojpc9Wxch7x+BA63g4JfMV5/M5x0sI0TLlLY8EBSglcr8wQF/7C80AQ=="],

    "@cspell/dict-git": ["@cspell/dict-git@3.0.4", "", {}, "sha512-C44M+m56rYn6QCsLbiKiedyPTMZxlDdEYAsPwwlL5bhMDDzXZ3Ic8OCQIhMbiunhCOJJT+er4URmOmM+sllnjg=="],

    "@cspell/dict-golang": ["@cspell/dict-golang@6.0.18", "", {}, "sha512-Mt+7NwfodDwUk7423DdaQa0YaA+4UoV3XSxQwZioqjpFBCuxfvvv4l80MxCTAAbK6duGj0uHbGTwpv8fyKYPKg=="],

    "@cspell/dict-google": ["@cspell/dict-google@1.0.8", "", {}, "sha512-BnMHgcEeaLyloPmBs8phCqprI+4r2Jb8rni011A8hE+7FNk7FmLE3kiwxLFrcZnnb7eqM0agW4zUaNoB0P+z8A=="],

    "@cspell/dict-haskell": ["@cspell/dict-haskell@4.0.5", "", {}, "sha512-s4BG/4tlj2pPM9Ha7IZYMhUujXDnI0Eq1+38UTTCpatYLbQqDwRFf2KNPLRqkroU+a44yTUAe0rkkKbwy4yRtQ=="],

    "@cspell/dict-html": ["@cspell/dict-html@4.0.11", "", {}, "sha512-QR3b/PB972SRQ2xICR1Nw/M44IJ6rjypwzA4jn+GH8ydjAX9acFNfc+hLZVyNe0FqsE90Gw3evLCOIF0vy1vQw=="],

    "@cspell/dict-html-symbol-entities": ["@cspell/dict-html-symbol-entities@4.0.3", "", {}, "sha512-aABXX7dMLNFdSE8aY844X4+hvfK7977sOWgZXo4MTGAmOzR8524fjbJPswIBK7GaD3+SgFZ2yP2o0CFvXDGF+A=="],

    "@cspell/dict-java": ["@cspell/dict-java@5.0.11", "", {}, "sha512-T4t/1JqeH33Raa/QK/eQe26FE17eUCtWu+JsYcTLkQTci2dk1DfcIKo8YVHvZXBnuM43ATns9Xs0s+AlqDeH7w=="],

    "@cspell/dict-julia": ["@cspell/dict-julia@1.1.0", "", {}, "sha512-CPUiesiXwy3HRoBR3joUseTZ9giFPCydSKu2rkh6I2nVjXnl5vFHzOMLXpbF4HQ1tH2CNfnDbUndxD+I+7eL9w=="],

    "@cspell/dict-k8s": ["@cspell/dict-k8s@1.0.10", "", {}, "sha512-313haTrX9prep1yWO7N6Xw4D6tvUJ0Xsx+YhCP+5YrrcIKoEw5Rtlg8R4PPzLqe6zibw6aJ+Eqq+y76Vx5BZkw=="],

    "@cspell/dict-kotlin": ["@cspell/dict-kotlin@1.1.0", "", {}, "sha512-vySaVw6atY7LdwvstQowSbdxjXG6jDhjkWVWSjg1XsUckyzH1JRHXe9VahZz1i7dpoFEUOWQrhIe5B9482UyJQ=="],

    "@cspell/dict-latex": ["@cspell/dict-latex@4.0.3", "", {}, "sha512-2KXBt9fSpymYHxHfvhUpjUFyzrmN4c4P8mwIzweLyvqntBT3k0YGZJSriOdjfUjwSygrfEwiuPI1EMrvgrOMJw=="],

    "@cspell/dict-lorem-ipsum": ["@cspell/dict-lorem-ipsum@4.0.4", "", {}, "sha512-+4f7vtY4dp2b9N5fn0za/UR0kwFq2zDtA62JCbWHbpjvO9wukkbl4rZg4YudHbBgkl73HRnXFgCiwNhdIA1JPw=="],

    "@cspell/dict-lua": ["@cspell/dict-lua@4.0.7", "", {}, "sha512-Wbr7YSQw+cLHhTYTKV6cAljgMgcY+EUAxVIZW3ljKswEe4OLxnVJ7lPqZF5JKjlXdgCjbPSimsHqyAbC5pQN/Q=="],

    "@cspell/dict-makefile": ["@cspell/dict-makefile@1.0.4", "", {}, "sha512-E4hG/c0ekPqUBvlkrVvzSoAA+SsDA9bLi4xSV3AXHTVru7Y2bVVGMPtpfF+fI3zTkww/jwinprcU1LSohI3ylw=="],

    "@cspell/dict-markdown": ["@cspell/dict-markdown@2.0.9", "", { "peerDependencies": { "@cspell/dict-css": "^4.0.17", "@cspell/dict-html": "^4.0.11", "@cspell/dict-html-symbol-entities": "^4.0.3", "@cspell/dict-typescript": "^3.2.0" } }, "sha512-j2e6Eg18BlTb1mMP1DkyRFMM/FLS7qiZjltpURzDckB57zDZbUyskOFdl4VX7jItZZEeY0fe22bSPOycgS1Z5A=="],

    "@cspell/dict-monkeyc": ["@cspell/dict-monkeyc@1.0.10", "", {}, "sha512-7RTGyKsTIIVqzbvOtAu6Z/lwwxjGRtY5RkKPlXKHEoEAgIXwfDxb5EkVwzGQwQr8hF/D3HrdYbRT8MFBfsueZw=="],

    "@cspell/dict-node": ["@cspell/dict-node@5.0.6", "", {}, "sha512-CEbhPCpxGvRNByGolSBTrXXW2rJA4bGqZuTx1KKO85mwR6aadeOmUE7xf/8jiCkXSy+qvr9aJeh+jlfXcsrziQ=="],

    "@cspell/dict-npm": ["@cspell/dict-npm@5.1.24", "", {}, "sha512-yAyyHetElLR236sqWQkBtiLbzCGexV5zzLMHyQPptKQQK88BTQR5f9wXW2EtSgJw/4gUchpSWQWxMlkIfK/iQQ=="],

    "@cspell/dict-php": ["@cspell/dict-php@4.0.14", "", {}, "sha512-7zur8pyncYZglxNmqsRycOZ6inpDoVd4yFfz1pQRe5xaRWMiK3Km4n0/X/1YMWhh3e3Sl/fQg5Axb2hlN68t1g=="],

    "@cspell/dict-powershell": ["@cspell/dict-powershell@5.0.14", "", {}, "sha512-ktjjvtkIUIYmj/SoGBYbr3/+CsRGNXGpvVANrY0wlm/IoGlGywhoTUDYN0IsGwI2b8Vktx3DZmQkfb3Wo38jBA=="],

    "@cspell/dict-public-licenses": ["@cspell/dict-public-licenses@2.0.13", "", {}, "sha512-1Wdp/XH1ieim7CadXYE7YLnUlW0pULEjVl9WEeziZw3EKCAw8ZI8Ih44m4bEa5VNBLnuP5TfqC4iDautAleQzQ=="],

    "@cspell/dict-python": ["@cspell/dict-python@4.2.15", "", { "dependencies": { "@cspell/dict-data-science": "^2.0.7" } }, "sha512-VNXhj0Eh+hdHN89MgyaoSAexBQKmYtJaMhucbMI7XmBs4pf8fuFFN3xugk51/A4TZJr8+RImdFFsGMOw+I4bDA=="],

    "@cspell/dict-r": ["@cspell/dict-r@2.1.0", "", {}, "sha512-k2512wgGG0lTpTYH9w5Wwco+lAMf3Vz7mhqV8+OnalIE7muA0RSuD9tWBjiqLcX8zPvEJr4LdgxVju8Gk3OKyA=="],

    "@cspell/dict-ruby": ["@cspell/dict-ruby@5.0.7", "", {}, "sha512-4/d0hcoPzi5Alk0FmcyqlzFW9lQnZh9j07MJzPcyVO62nYJJAGKaPZL2o4qHeCS/od/ctJC5AHRdoUm0ktsw6Q=="],

    "@cspell/dict-rust": ["@cspell/dict-rust@4.0.11", "", {}, "sha512-OGWDEEzm8HlkSmtD8fV3pEcO2XBpzG2XYjgMCJCRwb2gRKvR+XIm6Dlhs04N/K2kU+iH8bvrqNpM8fS/BFl0uw=="],

    "@cspell/dict-scala": ["@cspell/dict-scala@5.0.7", "", {}, "sha512-yatpSDW/GwulzO3t7hB5peoWwzo+Y3qTc0pO24Jf6f88jsEeKmDeKkfgPbYuCgbE4jisGR4vs4+jfQZDIYmXPA=="],

    "@cspell/dict-shell": ["@cspell/dict-shell@1.1.0", "", {}, "sha512-D/xHXX7T37BJxNRf5JJHsvziFDvh23IF/KvkZXNSh8VqcRdod3BAz9VGHZf6VDqcZXr1VRqIYR3mQ8DSvs3AVQ=="],

    "@cspell/dict-software-terms": ["@cspell/dict-software-terms@4.2.4", "", {}, "sha512-GRkuaFfjFHPYynyRMuisKyE3gRiVK0REClRWfnH9+5iCs5TKDURsMpWJGNsgQ6N5jAKKrtWXVKjepkDHjMldjQ=="],

    "@cspell/dict-sql": ["@cspell/dict-sql@2.2.0", "", {}, "sha512-MUop+d1AHSzXpBvQgQkCiok8Ejzb+nrzyG16E8TvKL2MQeDwnIvMe3bv90eukP6E1HWb+V/MA/4pnq0pcJWKqQ=="],

    "@cspell/dict-svelte": ["@cspell/dict-svelte@1.0.6", "", {}, "sha512-8LAJHSBdwHCoKCSy72PXXzz7ulGROD0rP1CQ0StOqXOOlTUeSFaJJlxNYjlONgd2c62XBQiN2wgLhtPN+1Zv7Q=="],

    "@cspell/dict-swift": ["@cspell/dict-swift@2.0.5", "", {}, "sha512-3lGzDCwUmnrfckv3Q4eVSW3sK3cHqqHlPprFJZD4nAqt23ot7fic5ALR7J4joHpvDz36nHX34TgcbZNNZOC/JA=="],

    "@cspell/dict-terraform": ["@cspell/dict-terraform@1.1.0", "", {}, "sha512-G55pcUUxeXAhejstmD35B47SkFd4uqCQimc+CMgq8Nx0dr03guL2iMsz8faRWQGkCnGimX8S91rbOhDv9p/heg=="],

    "@cspell/dict-typescript": ["@cspell/dict-typescript@3.2.0", "", {}, "sha512-Pk3zNePLT8qg51l0M4g1ISowYAEGxTuNfZlgkU5SvHa9Cu7x/BWoyYq9Fvc3kAyoisCjRPyvWF4uRYrPitPDFw=="],

    "@cspell/dict-vue": ["@cspell/dict-vue@3.0.4", "", {}, "sha512-0dPtI0lwHcAgSiQFx8CzvqjdoXROcH+1LyqgROCpBgppommWpVhbQ0eubnKotFEXgpUCONVkeZJ6Ql8NbTEu+w=="],

    "@cspell/dynamic-import": ["@cspell/dynamic-import@8.17.3", "", { "dependencies": { "@cspell/url": "8.17.3", "import-meta-resolve": "^4.1.0" } }, "sha512-Kg6IJhGHPv+9OxpxaXUpcqgnHEOhMLRWHLyx7FADZ+CJyO4AVeWQfhpTRM6KXhzIl7dPlLG1g8JAQxaoy88KTw=="],

    "@cspell/filetypes": ["@cspell/filetypes@8.17.3", "", {}, "sha512-UFqRmJPccOSo+RYP/jZ4cr0s7ni37GrvnNAg1H/qIIxfmBYsexTAmsNzMqxp1M31NeI1Cx3LL7PspPMT0ms+7w=="],

    "@cspell/strong-weak-map": ["@cspell/strong-weak-map@8.17.3", "", {}, "sha512-l/CaFc3CITI/dC+whEBZ05Om0KXR3V2whhVOWOBPIqA5lCjWAyvWWvmFD+CxWd0Hs6Qcb/YDnMyJW14aioXN4g=="],

    "@cspell/url": ["@cspell/url@8.17.3", "", {}, "sha512-gcsCz8g0qY94C8RXiAlUH/89n84Q9RSptP91XrvnLOT+Xva9Aibd7ywd5k9ameuf8Nagyl0ezB1MInZ30S9SRw=="],

    "@hookform/resolvers": ["@hookform/resolvers@3.10.0", "", { "peerDependencies": { "react-hook-form": "^7.0.0" } }, "sha512-79Dv+3mDF7i+2ajj7SkypSKHhl1cbln1OGavqrsF7p6mbUv11xpqpacPsGDCTRvCSjEEIez2ef1NveSVL3b0Ag=="],

    "@types/bun": ["@types/bun@1.2.2", "", { "dependencies": { "bun-types": "1.2.2" } }, "sha512-tr74gdku+AEDN5ergNiBnplr7hpDp3V1h7fqI2GcR/rsUaM39jpSeKH0TFibRvU0KwniRx5POgaYnaXbk0hU+w=="],

    "@types/node": ["@types/node@22.13.0", "", { "dependencies": { "undici-types": "~6.20.0" } }, "sha512-ClIbNe36lawluuvq3+YYhnIN2CELi+6q8NpnM7PYp4hBn/TatfboPgVSm2rwKRfnV2M+Ty9GWDFI64KEe+kysA=="],

    "@types/ws": ["@types/ws@8.5.14", "", { "dependencies": { "@types/node": "*" } }, "sha512-bd/YFLW+URhBzMXurx7lWByOu+xzU9+kb3RboOteXYDfW+tr+JZa99OyNmPINEGB/ahzKrEuc8rcv4gnpJmxTw=="],

    "ansi-escapes": ["ansi-escapes@7.0.0", "", { "dependencies": { "environment": "^1.0.0" } }, "sha512-GdYO7a61mR0fOlAsvC9/rIHf7L96sBc6dEWzeOu+KAea5bZyQRPIpojrVoI4AXGJS/ycu/fBTdLrUkA4ODrvjw=="],

    "ansi-regex": ["ansi-regex@6.1.0", "", {}, "sha512-7HSX4QQb4CspciLpVFwyRe79O3xsIZDDLER21kERQ71oaPodF8jL725AgJMFAYbooIqolJoRLuM81SpeUkpkvA=="],

    "ansi-styles": ["ansi-styles@6.2.1", "", {}, "sha512-bN798gFfQX+viw3R7yrGWRqnrN2oRkEkUjjl4JNn4E8GxxbjtG3FbrEIIY3l8/hrwUwIeCZvi4QuOTP4MErVug=="],

    "array-timsort": ["array-timsort@1.0.3", "", {}, "sha512-/+3GRL7dDAGEfM6TseQk/U+mi18TU2Ms9I3UlLdUMhz2hbvGNTKdj9xniwXfUqgYhHxRx0+8UnKkvlNwVU+cWQ=="],

    "braces": ["braces@3.0.3", "", { "dependencies": { "fill-range": "^7.1.1" } }, "sha512-yQbXgO/OSZVD2IsiLlro+7Hf6Q18EJrKSEsdoMzKePKXct3gvD8oLcOQdIzGupr5Fj+EDe8gO/lxc1BzfMpxvA=="],

    "bun-types": ["bun-types@1.2.2", "", { "dependencies": { "@types/node": "*", "@types/ws": "~8.5.10" } }, "sha512-RCbMH5elr9gjgDGDhkTTugA21XtJAy/9jkKe/G3WR2q17VPGhcquf9Sir6uay9iW+7P/BV0CAHA1XlHXMAVKHg=="],

    "callsites": ["callsites@3.1.0", "", {}, "sha512-P8BjAsXvZS+VIDUI11hHCQEv74YT67YUi5JJFNWIqL235sBmjX4+qx9Muvls5ivyNENctx46xQLQ3aTuE7ssaQ=="],

    "chalk": ["chalk@5.4.1", "", {}, "sha512-zgVZuo2WcZgfUEmsn6eO3kINexW8RAE4maiQ8QNs8CtpPCSyMiYsULR3HQYkm3w8FIA3SberyMJMSldGsW+U3w=="],

    "chalk-template": ["chalk-template@1.1.0", "", { "dependencies": { "chalk": "^5.2.0" } }, "sha512-T2VJbcDuZQ0Tb2EWwSotMPJjgpy1/tGee1BTpUNsGZ/qgNjV2t7Mvu+d4600U564nbLesN1x2dPL+xii174Ekg=="],

    "clear-module": ["clear-module@4.1.2", "", { "dependencies": { "parent-module": "^2.0.0", "resolve-from": "^5.0.0" } }, "sha512-LWAxzHqdHsAZlPlEyJ2Poz6AIs384mPeqLVCru2p0BrP9G/kVGuhNyZYClLO6cXlnuJjzC8xtsJIuMjKqLXoAw=="],

    "cli-cursor": ["cli-cursor@5.0.0", "", { "dependencies": { "restore-cursor": "^5.0.0" } }, "sha512-aCj4O5wKyszjMmDT4tZj93kxyydN/K5zPWSCe6/0AV/AA1pqe5ZBIw0a2ZfPQV7lL5/yb5HsUreJ6UFAF1tEQw=="],

    "cli-truncate": ["cli-truncate@4.0.0", "", { "dependencies": { "slice-ansi": "^5.0.0", "string-width": "^7.0.0" } }, "sha512-nPdaFdQ0h/GEigbPClz11D0v/ZJEwxmeVZGeMo3Z5StPtUTkA9o1lD6QwoirYiSDzbcwn2XcjwmCp68W1IS4TA=="],

    "colorette": ["colorette@2.0.20", "", {}, "sha512-IfEDxwoWIjkeXL1eXcDiow4UbKjhLdq6/EuSVR9GMN7KVH3r9gQ83e73hsz1Nd1T3ijd5xv1wcWRYO+D6kCI2w=="],

    "commander": ["commander@13.1.0", "", {}, "sha512-/rFeCpNJQbhSZjGVwO9RFV3xPqbnERS8MmIQzCtD/zl6gpJuV/bMLuN92oG3F7d8oDEHHRrujSXNUr8fpjntKw=="],

    "comment-json": ["comment-json@4.2.5", "", { "dependencies": { "array-timsort": "^1.0.3", "core-util-is": "^1.0.3", "esprima": "^4.0.1", "has-own-prop": "^2.0.0", "repeat-string": "^1.6.1" } }, "sha512-bKw/r35jR3HGt5PEPm1ljsQQGyCrR8sFGNiN5L+ykDHdpO8Smxkrkla9Yi6NkQyUrb8V54PGhfMs6NrIwtxtdw=="],

    "core-util-is": ["core-util-is@1.0.3", "", {}, "sha512-ZQBvi1DcpJ4GDqanjucZ2Hj3wEO5pZDS89BWbkcrvdxksJorwUDDZamX9ldFkp9aw2lmBDLgkObEA4DWNJ9FYQ=="],

    "cross-spawn": ["cross-spawn@7.0.6", "", { "dependencies": { "path-key": "^3.1.0", "shebang-command": "^2.0.0", "which": "^2.0.1" } }, "sha512-uV2QOWP2nWzsy2aMp8aRibhi9dlzF5Hgh5SHaB9OiTGEyDTiJJyx0uy51QXdyWbtAHNua4XJzUKca3OzKUd3vA=="],

    "cspell": ["cspell@8.17.3", "", { "dependencies": { "@cspell/cspell-json-reporter": "8.17.3", "@cspell/cspell-pipe": "8.17.3", "@cspell/cspell-types": "8.17.3", "@cspell/dynamic-import": "8.17.3", "@cspell/url": "8.17.3", "chalk": "^5.4.1", "chalk-template": "^1.1.0", "commander": "^13.1.0", "cspell-dictionary": "8.17.3", "cspell-gitignore": "8.17.3", "cspell-glob": "8.17.3", "cspell-io": "8.17.3", "cspell-lib": "8.17.3", "fast-json-stable-stringify": "^2.1.0", "file-entry-cache": "^9.1.0", "get-stdin": "^9.0.0", "semver": "^7.6.3", "tinyglobby": "^0.2.10" }, "bin": { "cspell": "bin.mjs", "cspell-esm": "bin.mjs" } }, "sha512-fBZg674Dir9y/FWMwm2JyixM/1eB2vnqHJjRxOgGS/ZiZ3QdQ3LkK02Aqvlni8ffWYDZnYnYY9rfWmql9bb42w=="],

    "cspell-config-lib": ["cspell-config-lib@8.17.3", "", { "dependencies": { "@cspell/cspell-types": "8.17.3", "comment-json": "^4.2.5", "yaml": "^2.7.0" } }, "sha512-+N32Q6xck3D2RqZIFwq8s0TnzHYMpyh4bgNtYqW5DIP3TLDiA4/MJGjwmLKAg/s9dkre6n8/++vVli3MZAOhIg=="],

    "cspell-dictionary": ["cspell-dictionary@8.17.3", "", { "dependencies": { "@cspell/cspell-pipe": "8.17.3", "@cspell/cspell-types": "8.17.3", "cspell-trie-lib": "8.17.3", "fast-equals": "^5.2.2" } }, "sha512-89I/lpQKdkX17RCFrUIJnc70Rjfpup/o+ynHZen0hUxGTfLsEJPrK6H2oGvic3Yrv5q8IOtwM1p8vqPqBkBheA=="],

    "cspell-gitignore": ["cspell-gitignore@8.17.3", "", { "dependencies": { "@cspell/url": "8.17.3", "cspell-glob": "8.17.3", "cspell-io": "8.17.3", "find-up-simple": "^1.0.0" }, "bin": { "cspell-gitignore": "bin.mjs" } }, "sha512-rQamjb8R+Nwib/Bpcgf+xv5IdsOHgbP+fe4hCgv0jjgUPkeOR2c4dGwc0WS+2UkJbc+wQohpzBGDLRYGSB/hQw=="],

    "cspell-glob": ["cspell-glob@8.17.3", "", { "dependencies": { "@cspell/url": "8.17.3", "micromatch": "^4.0.8" } }, "sha512-0ov9A0E6OuOO7KOxlGCxJ09LR/ubZ6xcGwWc5bu+jp/8onUowQfe+9vZdznj/o8/vcf5JkDzyhRSBsdhWKqoAg=="],

    "cspell-grammar": ["cspell-grammar@8.17.3", "", { "dependencies": { "@cspell/cspell-pipe": "8.17.3", "@cspell/cspell-types": "8.17.3" }, "bin": { "cspell-grammar": "bin.mjs" } }, "sha512-wfjkkvHthnKJtEaTgx3cPUPquGRXfgXSCwvMJaDyUi36KBlopXX38PejBTdmuqrvp7bINLSuHErml9wAfL5Fxw=="],

    "cspell-io": ["cspell-io@8.17.3", "", { "dependencies": { "@cspell/cspell-service-bus": "8.17.3", "@cspell/url": "8.17.3" } }, "sha512-NwEVb3Kr8loV1C8Stz9QSMgUrBkxqf2s7A9H2/RBnfvQBt9CWZS6NgoNxTPwHj3h1sUNl9reDkMQQzkKtgWGBQ=="],

    "cspell-lib": ["cspell-lib@8.17.3", "", { "dependencies": { "@cspell/cspell-bundled-dicts": "8.17.3", "@cspell/cspell-pipe": "8.17.3", "@cspell/cspell-resolver": "8.17.3", "@cspell/cspell-types": "8.17.3", "@cspell/dynamic-import": "8.17.3", "@cspell/filetypes": "8.17.3", "@cspell/strong-weak-map": "8.17.3", "@cspell/url": "8.17.3", "clear-module": "^4.1.2", "comment-json": "^4.2.5", "cspell-config-lib": "8.17.3", "cspell-dictionary": "8.17.3", "cspell-glob": "8.17.3", "cspell-grammar": "8.17.3", "cspell-io": "8.17.3", "cspell-trie-lib": "8.17.3", "env-paths": "^3.0.0", "fast-equals": "^5.2.2", "gensequence": "^7.0.0", "import-fresh": "^3.3.0", "resolve-from": "^5.0.0", "vscode-languageserver-textdocument": "^1.0.12", "vscode-uri": "^3.0.8", "xdg-basedir": "^5.1.0" } }, "sha512-KpwYIj8HwFyTzCCQcyezlmomvyNfPwZQmqTh4V126sFvf9HLoMdfyq8KYDZmZ//4HzwrF/ufJOF3CpuVUiJHfA=="],

    "cspell-trie-lib": ["cspell-trie-lib@8.17.3", "", { "dependencies": { "@cspell/cspell-pipe": "8.17.3", "@cspell/cspell-types": "8.17.3", "gensequence": "^7.0.0" } }, "sha512-6LE5BeT2Rwv0bkQckpxX0K1fnFCWfeJ8zVPFtYOaix0trtqj0VNuwWzYDnxyW+OwMioCH29yRAMODa+JDFfUrA=="],

    "debug": ["debug@4.4.0", "", { "dependencies": { "ms": "^2.1.3" } }, "sha512-6WTZ/IxCY/T6BALoZHaE4ctp9xm+Z5kY/pzYaCHRFeyVhojxlrm+46y68HA6hr0TcwEssoxNiDEUJQjfPZ/RYA=="],

    "emoji-regex": ["emoji-regex@10.4.0", "", {}, "sha512-EC+0oUMY1Rqm4O6LLrgjtYDvcVYTy7chDnM4Q7030tP4Kwj3u/pR6gP9ygnp2CJMK5Gq+9Q2oqmrFJAz01DXjw=="],

    "env-paths": ["env-paths@3.0.0", "", {}, "sha512-dtJUTepzMW3Lm/NPxRf3wP4642UWhjL2sQxc+ym2YMj1m/H2zDNQOlezafzkHwn6sMstjHTwG6iQQsctDW/b1A=="],

    "environment": ["environment@1.1.0", "", {}, "sha512-xUtoPkMggbz0MPyPiIWr1Kp4aeWJjDZ6SMvURhimjdZgsRuDplF5/s9hcgGhyXMhs+6vpnuoiZ2kFiu3FMnS8Q=="],

    "esprima": ["esprima@4.0.1", "", { "bin": { "esparse": "./bin/esparse.js", "esvalidate": "./bin/esvalidate.js" } }, "sha512-eGuFFw7Upda+g4p+QHvnW0RyTX/SVeJBDM/gCtMARO0cLuT2HcEKnTPvhjV6aGeqrCB/sbNop0Kszm0jsaWU4A=="],

    "eventemitter3": ["eventemitter3@5.0.1", "", {}, "sha512-GWkBvjiSZK87ELrYOSESUYeVIc9mvLLf/nXalMOS5dYrgZq9o5OVkbZAVM06CVxYsCwH9BDZFPlQTlPA1j4ahA=="],

    "execa": ["execa@8.0.1", "", { "dependencies": { "cross-spawn": "^7.0.3", "get-stream": "^8.0.1", "human-signals": "^5.0.0", "is-stream": "^3.0.0", "merge-stream": "^2.0.0", "npm-run-path": "^5.1.0", "onetime": "^6.0.0", "signal-exit": "^4.1.0", "strip-final-newline": "^3.0.0" } }, "sha512-VyhnebXciFV2DESc+p6B+y0LjSm0krU4OgJN44qFAhBY0TJ+1V61tYD2+wHusZ6F9n5K+vl8k0sTy7PEfV4qpg=="],

    "fast-equals": ["fast-equals@5.2.2", "", {}, "sha512-V7/RktU11J3I36Nwq2JnZEM7tNm17eBJz+u25qdxBZeCKiX6BkVSZQjwWIr+IobgnZy+ag73tTZgZi7tr0LrBw=="],

    "fast-json-stable-stringify": ["fast-json-stable-stringify@2.1.0", "", {}, "sha512-lhd/wF+Lk98HZoTCtlVraHtfh5XYijIjalXck7saUtuanSDyLMxnHhSXEDJqHxD7msR8D0uCmqlkwjCV8xvwHw=="],

    "fdir": ["fdir@6.4.3", "", { "peerDependencies": { "picomatch": "^3 || ^4" }, "optionalPeers": ["picomatch"] }, "sha512-PMXmW2y1hDDfTSRc9gaXIuCCRpuoz3Kaz8cUelp3smouvfT632ozg2vrT6lJsHKKOF59YLbOGfAWGUcKEfRMQw=="],

    "file-entry-cache": ["file-entry-cache@9.1.0", "", { "dependencies": { "flat-cache": "^5.0.0" } }, "sha512-/pqPFG+FdxWQj+/WSuzXSDaNzxgTLr/OrR1QuqfEZzDakpdYE70PwUxL7BPUa8hpjbvY1+qvCl8k+8Tq34xJgg=="],

    "fill-range": ["fill-range@7.1.1", "", { "dependencies": { "to-regex-range": "^5.0.1" } }, "sha512-YsGpe3WHLK8ZYi4tWDg2Jy3ebRz2rXowDxnld4bkQB00cc/1Zw9AWnC0i9ztDJitivtQvaI9KaLyKrc+hBW0yg=="],

    "find-up-simple": ["find-up-simple@1.0.0", "", {}, "sha512-q7Us7kcjj2VMePAa02hDAF6d+MzsdsAWEwYyOpwUtlerRBkOEPBCRZrAV4XfcSN8fHAgaD0hP7miwoay6DCprw=="],

    "flat-cache": ["flat-cache@5.0.0", "", { "dependencies": { "flatted": "^3.3.1", "keyv": "^4.5.4" } }, "sha512-JrqFmyUl2PnPi1OvLyTVHnQvwQ0S+e6lGSwu8OkAZlSaNIZciTY2H/cOOROxsBA1m/LZNHDsqAgDZt6akWcjsQ=="],

    "flatted": ["flatted@3.3.2", "", {}, "sha512-AiwGJM8YcNOaobumgtng+6NHuOqC3A7MixFeDafM3X9cIUM+xUXoS5Vfgf+OihAYe20fxqNM9yPBXJzRtZ/4eA=="],

    "gensequence": ["gensequence@7.0.0", "", {}, "sha512-47Frx13aZh01afHJTB3zTtKIlFI6vWY+MYCN9Qpew6i52rfKjnhCF/l1YlC8UmEMvvntZZ6z4PiCcmyuedR2aQ=="],

    "get-east-asian-width": ["get-east-asian-width@1.3.0", "", {}, "sha512-vpeMIQKxczTD/0s2CdEWHcb0eeJe6TFjxb+J5xgX7hScxqrGuyjmv4c1D4A/gelKfyox0gJJwIHF+fLjeaM8kQ=="],

    "get-stdin": ["get-stdin@9.0.0", "", {}, "sha512-dVKBjfWisLAicarI2Sf+JuBE/DghV4UzNAVe9yhEJuzeREd3JhOTE9cUaJTeSa77fsbQUK3pcOpJfM59+VKZaA=="],

    "get-stream": ["get-stream@8.0.1", "", {}, "sha512-VaUJspBffn/LMCJVoMvSAdmscJyS1auj5Zulnn5UoYcY531UWmdwhRWkcGKnGU93m5HSXP9LP2usOryrBtQowA=="],

    "global-directory": ["global-directory@4.0.1", "", { "dependencies": { "ini": "4.1.1" } }, "sha512-wHTUcDUoZ1H5/0iVqEudYW4/kAlN5cZ3j/bXn0Dpbizl9iaUVeWSHqiOjsgk6OW2bkLclbBjzewBz6weQ1zA2Q=="],

    "has-own-prop": ["has-own-prop@2.0.0", "", {}, "sha512-Pq0h+hvsVm6dDEa8x82GnLSYHOzNDt7f0ddFa3FqcQlgzEiptPqL+XrOJNavjOzSYiYWIrgeVYYgGlLmnxwilQ=="],

    "human-signals": ["human-signals@5.0.0", "", {}, "sha512-AXcZb6vzzrFAUE61HnN4mpLqd/cSIwNQjtNWR0euPm6y0iqx3G4gOXaIDdtdDwZmhwe82LA6+zinmW4UBWVePQ=="],

    "husky": ["husky@9.1.7", "", { "bin": { "husky": "bin.js" } }, "sha512-5gs5ytaNjBrh5Ow3zrvdUUY+0VxIuWVL4i9irt6friV+BqdCfmV11CQTWMiBYWHbXhco+J1kHfTOUkePhCDvMA=="],

    "import-fresh": ["import-fresh@3.3.0", "", { "dependencies": { "parent-module": "^1.0.0", "resolve-from": "^4.0.0" } }, "sha512-veYYhQa+D1QBKznvhUHxb8faxlrwUnxseDAbAp457E0wLNio2bOSKnjYDhMj+YiAq61xrMGhQk9iXVk5FzgQMw=="],

    "import-meta-resolve": ["import-meta-resolve@4.1.0", "", {}, "sha512-I6fiaX09Xivtk+THaMfAwnA3MVA5Big1WHF1Dfx9hFuvNIWpXnorlkzhcQf6ehrqQiiZECRt1poOAkPmer3ruw=="],

    "ini": ["ini@4.1.1", "", {}, "sha512-QQnnxNyfvmHFIsj7gkPcYymR8Jdw/o7mp5ZFihxn6h8Ci6fh3Dx4E1gPjpQEpIuPo9XVNY/ZUwh4BPMjGyL01g=="],

    "is-fullwidth-code-point": ["is-fullwidth-code-point@4.0.0", "", {}, "sha512-O4L094N2/dZ7xqVdrXhh9r1KODPJpFms8B5sGdJLPy664AgvXsreZUyCQQNItZRDlYug4xStLjNp/sz3HvBowQ=="],

    "is-number": ["is-number@7.0.0", "", {}, "sha512-41Cifkg6e8TylSpdtTpeLVMqvSBEVzTttHvERD741+pnZ8ANv0004MRL43QKPDlK9cGvNp6NZWZUBlbGXYxxng=="],

    "is-stream": ["is-stream@3.0.0", "", {}, "sha512-LnQR4bZ9IADDRSkvpqMGvt/tEJWclzklNgSw48V5EAaAeDd6qGvN8ei6k5p0tvxSR171VmGyHuTiAOfxAbr8kA=="],

    "isexe": ["isexe@2.0.0", "", {}, "sha512-RHxMLp9lnKHGHRng9QFhRCMbYAcVpn69smSGcq3f36xjgVVWThj4qqLbTLlq7Ssj8B+fIQ1EuCEGI2lKsyQeIw=="],

    "json-buffer": ["json-buffer@3.0.1", "", {}, "sha512-4bV5BfR2mqfQTJm+V5tPPdf+ZpuhiIvTuAB5g8kcrXOZpTT/QwwVRWBywX1ozr6lEuPdbHxwaJlm9G6mI2sfSQ=="],

    "keyv": ["keyv@4.5.4", "", { "dependencies": { "json-buffer": "3.0.1" } }, "sha512-oxVHkHR/EJf2CNXnWxRLW6mg7JyCCUcG0DtEGmL2ctUo1PNTin1PUil+r/+4r5MpVgC/fn1kjsx7mjSujKqIpw=="],

    "lefthook": ["lefthook@1.10.10", "", { "optionalDependencies": { "lefthook-darwin-arm64": "1.10.10", "lefthook-darwin-x64": "1.10.10", "lefthook-freebsd-arm64": "1.10.10", "lefthook-freebsd-x64": "1.10.10", "lefthook-linux-arm64": "1.10.10", "lefthook-linux-x64": "1.10.10", "lefthook-openbsd-arm64": "1.10.10", "lefthook-openbsd-x64": "1.10.10", "lefthook-windows-arm64": "1.10.10", "lefthook-windows-x64": "1.10.10" }, "bin": { "lefthook": "bin/index.js" } }, "sha512-YW0fTONgOXsephvXq2gIFbegCW19MHCyKYX7JDWmzVF1ZiVMnDBYUL/SP3i0RtFvlCmqENl4SgKwYYQGUMnvig=="],

    "lefthook-darwin-arm64": ["lefthook-darwin-arm64@1.10.10", "", { "os": "darwin", "cpu": "arm64" }, "sha512-hEypKdwWpmNSl4Q8eJxgmlGb2ybJj1+W5/v13Mxc+ApEmjbpNiJzPcdjC9zyaMEpPK4EybiHy8g5ZC0dLOwkpA=="],

    "lefthook-darwin-x64": ["lefthook-darwin-x64@1.10.10", "", { "os": "darwin", "cpu": "x64" }, "sha512-9xNbeE78i4Amz+uOheg9dcy7X/6X12h98SUMrYWk7fONvjW/Bp9h6nPGIGxI5krHp9iRB8rhmo33ljVDVtTlyg=="],

    "lefthook-freebsd-arm64": ["lefthook-freebsd-arm64@1.10.10", "", { "os": "freebsd", "cpu": "arm64" }, "sha512-GT9wYxPxkvO1rtIAmctayT9xQIVII5xUIG3Pv6gZo+r6yEyle0EFTLFDbmVje7p7rQNCsvJ8XzCNdnyDrva90g=="],

    "lefthook-freebsd-x64": ["lefthook-freebsd-x64@1.10.10", "", { "os": "freebsd", "cpu": "x64" }, "sha512-2BB/HRhEb9wGpk5K38iNkHtMPnn+TjXDtFG6C/AmUPLXLNhGnNiYp+v2uhUE8quWzxJx7QzfnU7Ga+/gzJcIcw=="],

    "lefthook-linux-arm64": ["lefthook-linux-arm64@1.10.10", "", { "os": "linux", "cpu": "arm64" }, "sha512-GJ7GALKJ1NcMnNZG9uY+zJR3yS8q7/MgcHFWSJhBl+w4KTiiD/RAdSl5ALwEK2+UX36Eo+7iQA7AXzaRdAii4w=="],

    "lefthook-linux-x64": ["lefthook-linux-x64@1.10.10", "", { "os": "linux", "cpu": "x64" }, "sha512-dWUvPM9YTIJ3+X9dB+8iOnzoVHbnNmpscmUqEOKSeizgBrvuuIYKZJGDyjEtw65Qnmn1SJ7ouSaKK93p5c7SkQ=="],

    "lefthook-openbsd-arm64": ["lefthook-openbsd-arm64@1.10.10", "", { "os": "openbsd", "cpu": "arm64" }, "sha512-KnwDyxOvbvGSBTbEF/OxkynZRPLowd3mIXUKHtkg3ABcQ4UREalX+Sh0nWU2dNjQbINx7Eh6B42TxNC7h+qXEg=="],

    "lefthook-openbsd-x64": ["lefthook-openbsd-x64@1.10.10", "", { "os": "openbsd", "cpu": "x64" }, "sha512-49nnG886CI3WkrzVJ71D1M2KWpUYN1BP9LMKNzN11cmZ0j6dUK4hj3nbW+NcrKXxgYzzyLU3FFwrc51OVy2eKA=="],

    "lefthook-windows-arm64": ["lefthook-windows-arm64@1.10.10", "", { "os": "win32", "cpu": "arm64" }, "sha512-9ni0Tsnk+O5oL7EBfKj9C5ZctD1mrTyHCtiu1zQJBbREReJtPjIM9DwWzecfbuVfrIlpbviVQvx5mjZ44bqlWw=="],

    "lefthook-windows-x64": ["lefthook-windows-x64@1.10.10", "", { "os": "win32", "cpu": "x64" }, "sha512-gkKWYrlay4iecFfY1Ris5VcRYa0BaNJKMk0qE/wZmIpMgu4GvNg+f9BEwTMflkQIanABduT9lrECaL1lX5ClKw=="],

    "lilconfig": ["lilconfig@3.1.3", "", {}, "sha512-/vlFKAoH5Cgt3Ie+JLhRbwOsCQePABiU3tJ1egGvyQ+33R/vcwM2Zl2QR/LzjsBeItPt3oSVXapn+m4nQDvpzw=="],

    "lint-staged": ["lint-staged@15.4.3", "", { "dependencies": { "chalk": "^5.4.1", "commander": "^13.1.0", "debug": "^4.4.0", "execa": "^8.0.1", "lilconfig": "^3.1.3", "listr2": "^8.2.5", "micromatch": "^4.0.8", "pidtree": "^0.6.0", "string-argv": "^0.3.2", "yaml": "^2.7.0" }, "bin": { "lint-staged": "bin/lint-staged.js" } }, "sha512-FoH1vOeouNh1pw+90S+cnuoFwRfUD9ijY2GKy5h7HS3OR7JVir2N2xrsa0+Twc1B7cW72L+88geG5cW4wIhn7g=="],

    "listr2": ["listr2@8.2.5", "", { "dependencies": { "cli-truncate": "^4.0.0", "colorette": "^2.0.20", "eventemitter3": "^5.0.1", "log-update": "^6.1.0", "rfdc": "^1.4.1", "wrap-ansi": "^9.0.0" } }, "sha512-iyAZCeyD+c1gPyE9qpFu8af0Y+MRtmKOncdGoA2S5EY8iFq99dmmvkNnHiWo+pj0s7yH7l3KPIgee77tKpXPWQ=="],

    "log-update": ["log-update@6.1.0", "", { "dependencies": { "ansi-escapes": "^7.0.0", "cli-cursor": "^5.0.0", "slice-ansi": "^7.1.0", "strip-ansi": "^7.1.0", "wrap-ansi": "^9.0.0" } }, "sha512-9ie8ItPR6tjY5uYJh8K/Zrv/RMZ5VOlOWvtZdEHYSTFKZfIBPQa9tOAEeAWhd+AnIneLJ22w5fjOYtoutpWq5w=="],

    "merge-stream": ["merge-stream@2.0.0", "", {}, "sha512-abv/qOcuPfk3URPfDzmZU1LKmuw8kT+0nIHvKrKgFrwifol/doWcdA4ZqsWQ8ENrFKkd67Mfpo/LovbIUsbt3w=="],

    "micromatch": ["micromatch@4.0.8", "", { "dependencies": { "braces": "^3.0.3", "picomatch": "^2.3.1" } }, "sha512-PXwfBhYu0hBCPw8Dn0E+WDYb7af3dSLVWKi3HGv84IdF4TyFoC0ysxFd0Goxw7nSv4T/PzEJQxsYsEiFCKo2BA=="],

    "mimic-fn": ["mimic-fn@4.0.0", "", {}, "sha512-vqiC06CuhBTUdZH+RYl8sFrL096vA45Ok5ISO6sE/Mr1jRbGH4Csnhi8f3wKVl7x8mO4Au7Ir9D3Oyv1VYMFJw=="],

    "mimic-function": ["mimic-function@5.0.1", "", {}, "sha512-VP79XUPxV2CigYP3jWwAUFSku2aKqBH7uTAapFWCBqutsbmDo96KY5o8uh6U+/YSIn5OxJnXp73beVkpqMIGhA=="],

    "ms": ["ms@2.1.3", "", {}, "sha512-6FlzubTLZG3J2a/NVCAleEhjzq5oxgHyaCU9yYXvcLsvoVaHJq/s5xXI6/XXP6tz7R9xAOtHnSO/tXtF3WRTlA=="],

    "npm-run-path": ["npm-run-path@5.3.0", "", { "dependencies": { "path-key": "^4.0.0" } }, "sha512-ppwTtiJZq0O/ai0z7yfudtBpWIoxM8yE6nHi1X47eFR2EWORqfbu6CnPlNsjeN683eT0qG6H/Pyf9fCcvjnnnQ=="],

    "onetime": ["onetime@6.0.0", "", { "dependencies": { "mimic-fn": "^4.0.0" } }, "sha512-1FlR+gjXK7X+AsAHso35MnyN5KqGwJRi/31ft6x0M194ht7S+rWAvd7PHss9xSKMzE0asv1pyIHaJYq+BbacAQ=="],

    "parent-module": ["parent-module@2.0.0", "", { "dependencies": { "callsites": "^3.1.0" } }, "sha512-uo0Z9JJeWzv8BG+tRcapBKNJ0dro9cLyczGzulS6EfeyAdeC9sbojtW6XwvYxJkEne9En+J2XEl4zyglVeIwFg=="],

    "path-key": ["path-key@3.1.1", "", {}, "sha512-ojmeN0qd+y0jszEtoY48r0Peq5dwMEkIlCOu6Q5f41lfkswXuKtYrhgoTpLnyIcHm24Uhqx+5Tqm2InSwLhE6Q=="],

    "picomatch": ["picomatch@2.3.1", "", {}, "sha512-JU3teHTNjmE2VCGFzuY8EXzCDVwEqB2a8fsIvwaStHhAWJEeVd1o1QD80CU6+ZdEXXSLbSsuLwJjkCBWqRQUVA=="],

    "pidtree": ["pidtree@0.6.0", "", { "bin": { "pidtree": "bin/pidtree.js" } }, "sha512-eG2dWTVw5bzqGRztnHExczNxt5VGsE6OwTeCG3fdUf9KBsZzO3R5OIIIzWR+iZA0NtZ+RDVdaoE2dK1cn6jH4g=="],

    "react": ["react@19.0.0", "", {}, "sha512-V8AVnmPIICiWpGfm6GLzCR/W5FXLchHop40W4nXBmdlEceh16rCN8O8LNWm5bh5XUX91fh7KpA+W0TgMKmgTpQ=="],

    "react-hook-form": ["react-hook-form@7.54.2", "", { "peerDependencies": { "react": "^16.8.0 || ^17 || ^18 || ^19" } }, "sha512-eHpAUgUjWbZocoQYUHposymRb4ZP6d0uwUnooL2uOybA9/3tPUvoAKqEWK1WaSiTxxOfTpffNZP7QwlnM3/gEg=="],

    "repeat-string": ["repeat-string@1.6.1", "", {}, "sha512-PV0dzCYDNfRi1jCDbJzpW7jNNDRuCOG/jI5ctQcGKt/clZD+YcPS3yIlWuTJMmESC8aevCFmWJy5wjAFgNqN6w=="],

    "resolve-from": ["resolve-from@5.0.0", "", {}, "sha512-qYg9KP24dD5qka9J47d0aVky0N+b4fTU89LN9iDnjB5waksiC49rvMB0PrUJQGoTmH50XPiqOvAjDfaijGxYZw=="],

    "restore-cursor": ["restore-cursor@5.1.0", "", { "dependencies": { "onetime": "^7.0.0", "signal-exit": "^4.1.0" } }, "sha512-oMA2dcrw6u0YfxJQXm342bFKX/E4sG9rbTzO9ptUcR/e8A33cHuvStiYOwH7fszkZlZ1z/ta9AAoPk2F4qIOHA=="],

    "rfdc": ["rfdc@1.4.1", "", {}, "sha512-q1b3N5QkRUWUl7iyylaaj3kOpIT0N2i9MqIEQXP73GVsN9cw3fdx8X63cEmWhJGi2PPCF23Ijp7ktmd39rawIA=="],

    "semver": ["semver@7.7.0", "", { "bin": { "semver": "bin/semver.js" } }, "sha512-DrfFnPzblFmNrIZzg5RzHegbiRWg7KMR7btwi2yjHwx06zsUbO5g613sVwEV7FTwmzJu+Io0lJe2GJ3LxqpvBQ=="],

    "shebang-command": ["shebang-command@2.0.0", "", { "dependencies": { "shebang-regex": "^3.0.0" } }, "sha512-kHxr2zZpYtdmrN1qDjrrX/Z1rR1kG8Dx+gkpK1G4eXmvXswmcE1hTWBWYUzlraYw1/yZp6YuDY77YtvbN0dmDA=="],

    "shebang-regex": ["shebang-regex@3.0.0", "", {}, "sha512-7++dFhtcx3353uBaq8DDR4NuxBetBzC7ZQOhmTQInHEd6bSrXdiEyzCvG07Z44UYdLShWUyXt5M/yhz8ekcb1A=="],

    "signal-exit": ["signal-exit@4.1.0", "", {}, "sha512-bzyZ1e88w9O1iNJbKnOlvYTrWPDl46O1bG0D3XInv+9tkPrxrN8jUUTiFlDkkmKWgn1M6CfIA13SuGqOa9Korw=="],

    "slice-ansi": ["slice-ansi@5.0.0", "", { "dependencies": { "ansi-styles": "^6.0.0", "is-fullwidth-code-point": "^4.0.0" } }, "sha512-FC+lgizVPfie0kkhqUScwRu1O/lF6NOgJmlCgK+/LYxDCTk8sGelYaHDhFcDN+Sn3Cv+3VSa4Byeo+IMCzpMgQ=="],

    "string-argv": ["string-argv@0.3.2", "", {}, "sha512-aqD2Q0144Z+/RqG52NeHEkZauTAUWJO8c6yTftGJKO3Tja5tUgIfmIl6kExvhtxSDP7fXB6DvzkfMpCd/F3G+Q=="],

    "string-width": ["string-width@7.2.0", "", { "dependencies": { "emoji-regex": "^10.3.0", "get-east-asian-width": "^1.0.0", "strip-ansi": "^7.1.0" } }, "sha512-tsaTIkKW9b4N+AEj+SVA+WhJzV7/zMhcSu78mLKWSk7cXMOSHsBKFWUs0fWwq8QyK3MgJBQRX6Gbi4kYbdvGkQ=="],

    "strip-ansi": ["strip-ansi@7.1.0", "", { "dependencies": { "ansi-regex": "^6.0.1" } }, "sha512-iq6eVVI64nQQTRYq2KtEg2d2uU7LElhTJwsH4YzIHZshxlgZms/wIc4VoDQTlG/IvVIrBKG06CrZnp0qv7hkcQ=="],

    "strip-final-newline": ["strip-final-newline@3.0.0", "", {}, "sha512-dOESqjYr96iWYylGObzd39EuNTa5VJxyvVAEm5Jnh7KGo75V43Hk1odPQkNDyXNmUR6k+gEiDVXnjB8HJ3crXw=="],

    "tinyglobby": ["tinyglobby@0.2.10", "", { "dependencies": { "fdir": "^6.4.2", "picomatch": "^4.0.2" } }, "sha512-Zc+8eJlFMvgatPZTl6A9L/yht8QqdmUNtURHaKZLmKBE12hNPSrqNkUp2cs3M/UKmNVVAMFQYSjYIVHDjW5zew=="],

    "to-regex-range": ["to-regex-range@5.0.1", "", { "dependencies": { "is-number": "^7.0.0" } }, "sha512-65P7iz6X5yEr1cwcgvQxbbIw7Uk3gOy5dIdtZ4rDveLqhrdJP+Li/Hx6tyK0NEb+2GCyneCMJiGqrADCSNk8sQ=="],

    "typescript": ["typescript@5.7.3", "", { "bin": { "tsc": "bin/tsc", "tsserver": "bin/tsserver" } }, "sha512-84MVSjMEHP+FQRPy3pX9sTVV/INIex71s9TL2Gm5FG/WG1SqXeKyZ0k7/blY/4FdOzI12CBy1vGc4og/eus0fw=="],

    "undici-types": ["undici-types@6.20.0", "", {}, "sha512-Ny6QZ2Nju20vw1SRHe3d9jVu6gJ+4e3+MMpqu7pqE5HT6WsTSlce++GQmK5UXS8mzV8DSYHrQH+Xrf2jVcuKNg=="],

    "vscode-languageserver-textdocument": ["vscode-languageserver-textdocument@1.0.12", "", {}, "sha512-cxWNPesCnQCcMPeenjKKsOCKQZ/L6Tv19DTRIGuLWe32lyzWhihGVJ/rcckZXJxfdKCFvRLS3fpBIsV/ZGX4zA=="],

    "vscode-uri": ["vscode-uri@3.0.8", "", {}, "sha512-AyFQ0EVmsOZOlAnxoFOGOq1SQDWAB7C6aqMGS23svWAllfOaxbuFvcT8D1i8z3Gyn8fraVeZNNmN6e9bxxXkKw=="],

    "which": ["which@2.0.2", "", { "dependencies": { "isexe": "^2.0.0" }, "bin": { "node-which": "./bin/node-which" } }, "sha512-BLI3Tl1TW3Pvl70l3yq3Y64i+awpwXqsGBYWkkqMtnbXgrMD+yj7rhW0kuEDxzJaYXGjEW5ogapKNMEKNMjibA=="],

    "wrap-ansi": ["wrap-ansi@9.0.0", "", { "dependencies": { "ansi-styles": "^6.2.1", "string-width": "^7.0.0", "strip-ansi": "^7.1.0" } }, "sha512-G8ura3S+3Z2G+mkgNRq8dqaFZAuxfsxpBB8OCTGRTCtp+l/v9nbFNmCUP1BZMts3G1142MsZfn6eeUKrr4PD1Q=="],

    "xdg-basedir": ["xdg-basedir@5.1.0", "", {}, "sha512-GCPAHLvrIH13+c0SuacwvRYj2SxJXQ4kaVTT5xgL3kPrz56XxkF21IGhjSE1+W0aw7gpBWRGXLCPnPby6lSpmQ=="],

    "yaml": ["yaml@2.7.0", "", { "bin": { "yaml": "bin.mjs" } }, "sha512-+hSoy/QHluxmC9kCIJyL/uyFmLmc+e5CFR5Wa+bpIhIj85LVb9ZH2nVnqrHoSvKogwODv0ClqZkmiSSaIH5LTA=="],

    "zod": ["zod@3.24.1", "", {}, "sha512-muH7gBL9sI1nciMZV67X5fTKKBLtwpZ5VBp1vsOQzj1MhrBZ4wlVCm3gedKZWLp0Oyel8sIGfeiz54Su+OVT+A=="],

    "import-fresh/parent-module": ["parent-module@1.0.1", "", { "dependencies": { "callsites": "^3.0.0" } }, "sha512-GQ2EWRpQV8/o+Aw8YqtfZZPfNRWZYkbidE9k5rpl/hC3vtHHBfGm2Ifi6qWV+coDGkrUKZAxE3Lot5kcsRlh+g=="],

    "import-fresh/resolve-from": ["resolve-from@4.0.0", "", {}, "sha512-pb/MYmXstAkysRFx8piNI1tGFNQIFA3vkE3Gq4EuA1dF6gHp/+vgZqsCGJapvy8N3Q+4o7FwvquPJcnZ7RYy4g=="],

    "log-update/slice-ansi": ["slice-ansi@7.1.0", "", { "dependencies": { "ansi-styles": "^6.2.1", "is-fullwidth-code-point": "^5.0.0" } }, "sha512-bSiSngZ/jWeX93BqeIAbImyTbEihizcwNjFoRUIY/T1wWQsfsm2Vw1agPKylXvQTU7iASGdHhyqRlqQzfz+Htg=="],

    "npm-run-path/path-key": ["path-key@4.0.0", "", {}, "sha512-haREypq7xkM7ErfgIyA0z+Bj4AGKlMSdlQE2jvJo6huWD1EdkKYV+G/T4nq0YEF2vgTT8kqMFKo1uHn950r4SQ=="],

    "restore-cursor/onetime": ["onetime@7.0.0", "", { "dependencies": { "mimic-function": "^5.0.0" } }, "sha512-VXJjc87FScF88uafS3JllDgvAm+c/Slfz06lorj2uAY34rlUu0Nt+v8wreiImcrgAjjIHp1rXpTDlLOGw29WwQ=="],

    "tinyglobby/picomatch": ["picomatch@4.0.2", "", {}, "sha512-M7BAV6Rlcy5u+m6oPhAPFgJTzAioX/6B0DxyvDlo9l8+T3nLKbrczg2WLUyzd45L8RqfUMyGPzekbMvX2Ldkwg=="],

    "log-update/slice-ansi/is-fullwidth-code-point": ["is-fullwidth-code-point@5.0.0", "", { "dependencies": { "get-east-asian-width": "^1.0.0" } }, "sha512-OVa3u9kkBbw7b8Xw5F9P+D/T9X+Z4+JruYVNapTjPYZYUznQ5YfWeFkOj606XYYW8yugTfC8Pj0hYqvi4ryAhA=="],
  }
}
