{
  "nodes": {
    "fenix": {
      "inputs": {
        "nixpkgs": [
          "nixpkgs"
        ],
        "rust-analyzer-src": "rust-analyzer-src"
      },
      "locked": {
        "lastModified": 1730442928,
        "narHash": "sha256-U1DWb5c3EfkA7pqx5V1H4AWRA+EaE6UJ0lIRvK1RxgM=",
        "owner": "nix-community",
        "repo": "fenix",
        "rev": "87b4d20f896c99018dde4702a9c6157b516f2a76",
        "type": "github"
      },
      "original": {
        "owner": "nix-community",
        "ref": "monthly",
        "repo": "fenix",
        "type": "github"
      }
    },
    "flake-utils": {
      "inputs": {
        "systems": "systems"
      },
      "locked": {
        "lastModified": 1731533236,
        "narHash": "sha256-l0KFg5HjrsfsO/JpG+r7fRrqm12kzFHyUHqHCVpMMbI=",
        "owner": "numtide",
        "repo": "flake-utils",
        "rev": "11707dc2f618dd54ca8739b309ec4fc024de578b",
        "type": "github"
      },
      "original": {
        "owner": "numtide",
        "repo": "flake-utils",
        "type": "github"
      }
    },
    "flake-utils_2": {
      "inputs": {
        "systems": "systems_2"
      },
      "locked": {
        "lastModified": 1710146030,
        "narHash": "sha256-SZ5L6eA7HJ/nmkzGG7/ISclqe6oZdOZTNoesiInkXPQ=",
        "owner": "numtide",
        "repo": "flake-utils",
        "rev": "b1d9ab70662946ef0850d488da1c9019f3a9752a",
        "type": "github"
      },
      "original": {
        "owner": "numtide",
        "repo": "flake-utils",
        "type": "github"
      }
    },
    "nixpkgs": {
      "locked": {
        "lastModified": 1731974111,
        "narHash": "sha256-sq5EjHYtnJu9uF7qmadiMAw/EkI94JPW/bwMUWKUKs4=",
        "owner": "NixOS",
        "repo": "nixpkgs",
        "rev": "ff377cce50a8af30c173382a166e6c74802ed9ae",
        "type": "github"
      },
      "original": {
        "owner": "NixOS",
        "ref": "master",
        "repo": "nixpkgs",
        "type": "github"
      }
    },
    "pkgs": {
      "locked": {
        "lastModified": 1718870667,
        "narHash": "sha256-jab3Kpc8O1z3qxwVsCMHL4+18n5Wy/HHKyu1fcsF7gs=",
        "owner": "NixOS",
        "repo": "nixpkgs",
        "rev": "9b10b8f00cb5494795e5f51b39210fed4d2b0748",
        "type": "github"
      },
      "original": {
        "owner": "NixOS",
        "ref": "nixpkgs-unstable",
        "repo": "nixpkgs",
        "type": "github"
      }
    },
    "prisma-utils": {
      "inputs": {
        "flake-utils": "flake-utils_2",
        "pkgs": "pkgs"
      },
      "locked": {
        "lastModified": 1719301942,
        "narHash": "sha256-qKvcOVKoZqCfkR7Mt+7LCrsXMCNysY6JSy6QY/vXP4g=",
        "owner": "VanCoding",
        "repo": "nix-prisma-utils",
        "rev": "3bf92853b6986daca112b7e07fc33f976f48ffe7",
        "type": "github"
      },
      "original": {
        "owner": "VanCoding",
        "repo": "nix-prisma-utils",
        "type": "github"
      }
    },
    "root": {
      "inputs": {
        "fenix": "fenix",
        "flake-utils": "flake-utils",
        "nixpkgs": "nixpkgs",
        "prisma-utils": "prisma-utils"
      }
    },
    "rust-analyzer-src": {
      "flake": false,
      "locked": {
        "lastModified": 1730386175,
        "narHash": "sha256-0Uq+/B8eu7pw8B8pxuGdFYKjcVLwNMcHfDxU9sXh7rg=",
        "owner": "rust-lang",
        "repo": "rust-analyzer",
        "rev": "0ba893e1a00d92557ac91efb771d72eee36ca687",
        "type": "github"
      },
      "original": {
        "owner": "rust-lang",
        "ref": "nightly",
        "repo": "rust-analyzer",
        "type": "github"
      }
    },
    "systems": {
      "locked": {
        "lastModified": 1681028828,
        "narHash": "sha256-Vy1rq5AaRuLzOxct8nz4T6wlgyUR7zLU309k9mBC768=",
        "owner": "nix-systems",
        "repo": "default",
        "rev": "da67096a3b9bf56a91d16901293e51ba5b49a27e",
        "type": "github"
      },
      "original": {
        "owner": "nix-systems",
        "repo": "default",
        "type": "github"
      }
    },
    "systems_2": {
      "locked": {
        "lastModified": 1681028828,
        "narHash": "sha256-Vy1rq5AaRuLzOxct8nz4T6wlgyUR7zLU309k9mBC768=",
        "owner": "nix-systems",
        "repo": "default",
        "rev": "da67096a3b9bf56a91d16901293e51ba5b49a27e",
        "type": "github"
      },
      "original": {
        "owner": "nix-systems",
        "repo": "default",
        "type": "github"
      }
    }
  },
  "root": "root",
  "version": 7
}
