{
  "name": "course-mate",
  "version": "1.0.0",
  "lockfileVersion": 3,
  "requires": true,
  "packages": {
    "": {
      "name": "course-mate",
      "version": "1.0.0",
      "license": "ISC",
      "dependencies": {
        "@types/bun": "^1.1.10",
        "cspell": "^8.14.4",
        "zod": "^3.23.8"
      },
      "devDependencies": {
        "@biomejs/biome": "^1.9.1",
        "husky": "^9.1.4",
        "lint-staged": "^15.2.10",
        "typescript": "^5.6.2"
      }
    },
    "node_modules/@biomejs/biome": {
      "version": "1.9.1",
      "dev": true,
      "hasInstallScript": true,
      "license": "MIT OR Apache-2.0",
      "bin": {
        "biome": "bin/biome"
      },
      "engines": {
        "node": ">=14.21.3"
      },
      "funding": {
        "type": "opencollective",
        "url": "https://opencollective.com/biome"
      },
      "optionalDependencies": {
        "@biomejs/cli-darwin-arm64": "1.9.1",
        "@biomejs/cli-darwin-x64": "1.9.1",
        "@biomejs/cli-linux-arm64": "1.9.1",
        "@biomejs/cli-linux-arm64-musl": "1.9.1",
        "@biomejs/cli-linux-x64": "1.9.1",
        "@biomejs/cli-linux-x64-musl": "1.9.1",
        "@biomejs/cli-win32-arm64": "1.9.1",
        "@biomejs/cli-win32-x64": "1.9.1"
      }
    },
    "node_modules/@biomejs/cli-darwin-arm64": {
      "version": "1.9.1",
      "cpu": [
        "arm64"
      ],
      "dev": true,
      "license": "MIT OR Apache-2.0",
      "optional": true,
      "os": [
        "darwin"
      ],
      "engines": {
        "node": ">=14.21.3"
      }
    },
    "node_modules/@cspell/cspell-bundled-dicts": {
      "version": "8.14.4",
      "license": "MIT",
      "dependencies": {
        "@cspell/dict-ada": "^4.0.2",
        "@cspell/dict-aws": "^4.0.4",
        "@cspell/dict-bash": "^4.1.4",
        "@cspell/dict-companies": "^3.1.4",
        "@cspell/dict-cpp": "^5.1.16",
        "@cspell/dict-cryptocurrencies": "^5.0.0",
        "@cspell/dict-csharp": "^4.0.2",
        "@cspell/dict-css": "^4.0.13",
        "@cspell/dict-dart": "^2.2.1",
        "@cspell/dict-django": "^4.1.0",
        "@cspell/dict-docker": "^1.1.7",
        "@cspell/dict-dotnet": "^5.0.5",
        "@cspell/dict-elixir": "^4.0.3",
        "@cspell/dict-en_us": "^4.3.23",
        "@cspell/dict-en-common-misspellings": "^2.0.4",
        "@cspell/dict-en-gb": "1.1.33",
        "@cspell/dict-filetypes": "^3.0.4",
        "@cspell/dict-flutter": "^1.0.0",
        "@cspell/dict-fonts": "^4.0.0",
        "@cspell/dict-fsharp": "^1.0.1",
        "@cspell/dict-fullstack": "^3.2.0",
        "@cspell/dict-gaming-terms": "^1.0.5",
        "@cspell/dict-git": "^3.0.0",
        "@cspell/dict-golang": "^6.0.12",
        "@cspell/dict-google": "^1.0.1",
        "@cspell/dict-haskell": "^4.0.1",
        "@cspell/dict-html": "^4.0.5",
        "@cspell/dict-html-symbol-entities": "^4.0.0",
        "@cspell/dict-java": "^5.0.7",
        "@cspell/dict-julia": "^1.0.1",
        "@cspell/dict-k8s": "^1.0.6",
        "@cspell/dict-latex": "^4.0.0",
        "@cspell/dict-lorem-ipsum": "^4.0.0",
        "@cspell/dict-lua": "^4.0.3",
        "@cspell/dict-makefile": "^1.0.0",
        "@cspell/dict-monkeyc": "^1.0.6",
        "@cspell/dict-node": "^5.0.1",
        "@cspell/dict-npm": "^5.1.4",
        "@cspell/dict-php": "^4.0.10",
        "@cspell/dict-powershell": "^5.0.8",
        "@cspell/dict-public-licenses": "^2.0.8",
        "@cspell/dict-python": "^4.2.6",
        "@cspell/dict-r": "^2.0.1",
        "@cspell/dict-ruby": "^5.0.3",
        "@cspell/dict-rust": "^4.0.5",
        "@cspell/dict-scala": "^5.0.3",
        "@cspell/dict-software-terms": "^4.1.3",
        "@cspell/dict-sql": "^2.1.5",
        "@cspell/dict-svelte": "^1.0.2",
        "@cspell/dict-swift": "^2.0.1",
        "@cspell/dict-terraform": "^1.0.1",
        "@cspell/dict-typescript": "^3.1.6",
        "@cspell/dict-vue": "^3.0.0"
      },
      "engines": {
        "node": ">=18"
      }
    },
    "node_modules/@cspell/cspell-json-reporter": {
      "version": "8.14.4",
      "license": "MIT",
      "dependencies": {
        "@cspell/cspell-types": "8.14.4"
      },
      "engines": {
        "node": ">=18"
      }
    },
    "node_modules/@cspell/cspell-pipe": {
      "version": "8.14.4",
      "license": "MIT",
      "engines": {
        "node": ">=18"
      }
    },
    "node_modules/@cspell/cspell-resolver": {
      "version": "8.14.4",
      "license": "MIT",
      "dependencies": {
        "global-directory": "^4.0.1"
      },
      "engines": {
        "node": ">=18"
      }
    },
    "node_modules/@cspell/cspell-service-bus": {
      "version": "8.14.4",
      "license": "MIT",
      "engines": {
        "node": ">=18"
      }
    },
    "node_modules/@cspell/cspell-types": {
      "version": "8.14.4",
      "license": "MIT",
      "engines": {
        "node": ">=18"
      }
    },
    "node_modules/@cspell/dict-ada": {
      "version": "4.0.2",
      "license": "MIT"
    },
    "node_modules/@cspell/dict-aws": {
      "version": "4.0.4",
      "license": "MIT"
    },
    "node_modules/@cspell/dict-bash": {
      "version": "4.1.4",
      "license": "MIT"
    },
    "node_modules/@cspell/dict-companies": {
      "version": "3.1.4",
      "license": "MIT"
    },
    "node_modules/@cspell/dict-cpp": {
      "version": "5.1.16",
      "license": "MIT"
    },
    "node_modules/@cspell/dict-cryptocurrencies": {
      "version": "5.0.0",
      "license": "MIT"
    },
    "node_modules/@cspell/dict-csharp": {
      "version": "4.0.2",
      "license": "MIT"
    },
    "node_modules/@cspell/dict-css": {
      "version": "4.0.13",
      "license": "MIT"
    },
    "node_modules/@cspell/dict-dart": {
      "version": "2.2.1",
      "license": "MIT"
    },
    "node_modules/@cspell/dict-data-science": {
      "version": "2.0.1",
      "license": "MIT"
    },
    "node_modules/@cspell/dict-django": {
      "version": "4.1.0",
      "license": "MIT"
    },
    "node_modules/@cspell/dict-docker": {
      "version": "1.1.7",
      "license": "MIT"
    },
    "node_modules/@cspell/dict-dotnet": {
      "version": "5.0.5",
      "license": "MIT"
    },
    "node_modules/@cspell/dict-elixir": {
      "version": "4.0.3",
      "license": "MIT"
    },
    "node_modules/@cspell/dict-en_us": {
      "version": "4.3.23",
      "license": "MIT"
    },
    "node_modules/@cspell/dict-en-common-misspellings": {
      "version": "2.0.4",
      "license": "CC BY-SA 4.0"
    },
    "node_modules/@cspell/dict-en-gb": {
      "version": "1.1.33",
      "license": "MIT"
    },
    "node_modules/@cspell/dict-filetypes": {
      "version": "3.0.4",
      "license": "MIT"
    },
    "node_modules/@cspell/dict-flutter": {
      "version": "1.0.0",
      "license": "MIT"
    },
    "node_modules/@cspell/dict-fonts": {
      "version": "4.0.0",
      "license": "MIT"
    },
    "node_modules/@cspell/dict-fsharp": {
      "version": "1.0.1",
      "license": "MIT"
    },
    "node_modules/@cspell/dict-fullstack": {
      "version": "3.2.0",
      "license": "MIT"
    },
    "node_modules/@cspell/dict-gaming-terms": {
      "version": "1.0.5",
      "license": "MIT"
    },
    "node_modules/@cspell/dict-git": {
      "version": "3.0.0",
      "license": "MIT"
    },
    "node_modules/@cspell/dict-golang": {
      "version": "6.0.12",
      "license": "MIT"
    },
    "node_modules/@cspell/dict-google": {
      "version": "1.0.1",
      "license": "MIT"
    },
    "node_modules/@cspell/dict-haskell": {
      "version": "4.0.1",
      "license": "MIT"
    },
    "node_modules/@cspell/dict-html": {
      "version": "4.0.6",
      "license": "MIT"
    },
    "node_modules/@cspell/dict-html-symbol-entities": {
      "version": "4.0.0",
      "license": "MIT"
    },
    "node_modules/@cspell/dict-java": {
      "version": "5.0.7",
      "license": "MIT"
    },
    "node_modules/@cspell/dict-julia": {
      "version": "1.0.1",
      "license": "MIT"
    },
    "node_modules/@cspell/dict-k8s": {
      "version": "1.0.6",
      "license": "MIT"
    },
    "node_modules/@cspell/dict-latex": {
      "version": "4.0.0",
      "license": "MIT"
    },
    "node_modules/@cspell/dict-lorem-ipsum": {
      "version": "4.0.0",
      "license": "MIT"
    },
    "node_modules/@cspell/dict-lua": {
      "version": "4.0.3",
      "license": "MIT"
    },
    "node_modules/@cspell/dict-makefile": {
      "version": "1.0.0",
      "license": "MIT"
    },
    "node_modules/@cspell/dict-monkeyc": {
      "version": "1.0.6",
      "license": "MIT"
    },
    "node_modules/@cspell/dict-node": {
      "version": "5.0.1",
      "license": "MIT"
    },
    "node_modules/@cspell/dict-npm": {
      "version": "5.1.5",
      "license": "MIT"
    },
    "node_modules/@cspell/dict-php": {
      "version": "4.0.10",
      "license": "MIT"
    },
    "node_modules/@cspell/dict-powershell": {
      "version": "5.0.9",
      "license": "MIT"
    },
    "node_modules/@cspell/dict-public-licenses": {
      "version": "2.0.8",
      "license": "MIT"
    },
    "node_modules/@cspell/dict-python": {
      "version": "4.2.6",
      "license": "MIT",
      "dependencies": {
        "@cspell/dict-data-science": "^2.0.1"
      }
    },
    "node_modules/@cspell/dict-r": {
      "version": "2.0.1",
      "license": "MIT"
    },
    "node_modules/@cspell/dict-ruby": {
      "version": "5.0.3",
      "license": "MIT"
    },
    "node_modules/@cspell/dict-rust": {
      "version": "4.0.5",
      "license": "MIT"
    },
    "node_modules/@cspell/dict-scala": {
      "version": "5.0.3",
      "license": "MIT"
    },
    "node_modules/@cspell/dict-software-terms": {
      "version": "4.1.4",
      "license": "MIT"
    },
    "node_modules/@cspell/dict-sql": {
      "version": "2.1.5",
      "license": "MIT"
    },
    "node_modules/@cspell/dict-svelte": {
      "version": "1.0.2",
      "license": "MIT"
    },
    "node_modules/@cspell/dict-swift": {
      "version": "2.0.1",
      "license": "MIT"
    },
    "node_modules/@cspell/dict-terraform": {
      "version": "1.0.1",
      "license": "MIT"
    },
    "node_modules/@cspell/dict-typescript": {
      "version": "3.1.6",
      "license": "MIT"
    },
    "node_modules/@cspell/dict-vue": {
      "version": "3.0.0",
      "license": "MIT"
    },
    "node_modules/@cspell/dynamic-import": {
      "version": "8.14.4",
      "license": "MIT",
      "dependencies": {
        "import-meta-resolve": "^4.1.0"
      },
      "engines": {
        "node": ">=18.0"
      }
    },
    "node_modules/@cspell/filetypes": {
      "version": "8.14.4",
      "license": "MIT",
      "engines": {
        "node": ">=18"
      }
    },
    "node_modules/@cspell/strong-weak-map": {
      "version": "8.14.4",
      "license": "MIT",
      "engines": {
        "node": ">=18"
      }
    },
    "node_modules/@cspell/url": {
      "version": "8.14.4",
      "license": "MIT",
      "engines": {
        "node": ">=18.0"
      }
    },
    "node_modules/@nodelib/fs.scandir": {
      "version": "2.1.5",
      "license": "MIT",
      "dependencies": {
        "@nodelib/fs.stat": "2.0.5",
        "run-parallel": "^1.1.9"
      },
      "engines": {
        "node": ">= 8"
      }
    },
    "node_modules/@nodelib/fs.stat": {
      "version": "2.0.5",
      "license": "MIT",
      "engines": {
        "node": ">= 8"
      }
    },
    "node_modules/@nodelib/fs.walk": {
      "version": "1.2.8",
      "license": "MIT",
      "dependencies": {
        "@nodelib/fs.scandir": "2.1.5",
        "fastq": "^1.6.0"
      },
      "engines": {
        "node": ">= 8"
      }
    },
    "node_modules/@types/bun": {
      "version": "1.1.10",
      "license": "MIT",
      "dependencies": {
        "bun-types": "1.1.29"
      }
    },
    "node_modules/@types/node": {
      "version": "20.12.14",
      "license": "MIT",
      "dependencies": {
        "undici-types": "~5.26.4"
      }
    },
    "node_modules/@types/ws": {
      "version": "8.5.12",
      "license": "MIT",
      "dependencies": {
        "@types/node": "*"
      }
    },
    "node_modules/ansi-escapes": {
      "version": "7.0.0",
      "dev": true,
      "license": "MIT",
      "dependencies": {
        "environment": "^1.0.0"
      },
      "engines": {
        "node": ">=18"
      },
      "funding": {
        "url": "https://github.com/sponsors/sindresorhus"
      }
    },
    "node_modules/ansi-regex": {
      "version": "6.1.0",
      "license": "MIT",
      "engines": {
        "node": ">=12"
      },
      "funding": {
        "url": "https://github.com/chalk/ansi-regex?sponsor=1"
      }
    },
    "node_modules/ansi-styles": {
      "version": "6.2.1",
      "dev": true,
      "license": "MIT",
      "engines": {
        "node": ">=12"
      },
      "funding": {
        "url": "https://github.com/chalk/ansi-styles?sponsor=1"
      }
    },
    "node_modules/array-timsort": {
      "version": "1.0.3",
      "license": "MIT"
    },
    "node_modules/braces": {
      "version": "3.0.3",
      "license": "MIT",
      "dependencies": {
        "fill-range": "^7.1.1"
      },
      "engines": {
        "node": ">=8"
      }
    },
    "node_modules/bun-types": {
      "version": "1.1.29",
      "license": "MIT",
      "dependencies": {
        "@types/node": "~20.12.8",
        "@types/ws": "~8.5.10"
      }
    },
    "node_modules/callsites": {
      "version": "3.1.0",
      "license": "MIT",
      "engines": {
        "node": ">=6"
      }
    },
    "node_modules/chalk": {
      "version": "5.3.0",
      "license": "MIT",
      "engines": {
        "node": "^12.17.0 || ^14.13 || >=16.0.0"
      },
      "funding": {
        "url": "https://github.com/chalk/chalk?sponsor=1"
      }
    },
    "node_modules/chalk-template": {
      "version": "1.1.0",
      "license": "MIT",
      "dependencies": {
        "chalk": "^5.2.0"
      },
      "engines": {
        "node": ">=14.16"
      },
      "funding": {
        "url": "https://github.com/chalk/chalk-template?sponsor=1"
      }
    },
    "node_modules/clear-module": {
      "version": "4.1.2",
      "license": "MIT",
      "dependencies": {
        "parent-module": "^2.0.0",
        "resolve-from": "^5.0.0"
      },
      "engines": {
        "node": ">=8"
      },
      "funding": {
        "url": "https://github.com/sponsors/sindresorhus"
      }
    },
    "node_modules/cli-cursor": {
      "version": "5.0.0",
      "dev": true,
      "license": "MIT",
      "dependencies": {
        "restore-cursor": "^5.0.0"
      },
      "engines": {
        "node": ">=18"
      },
      "funding": {
        "url": "https://github.com/sponsors/sindresorhus"
      }
    },
    "node_modules/cli-truncate": {
      "version": "4.0.0",
      "dev": true,
      "license": "MIT",
      "dependencies": {
        "slice-ansi": "^5.0.0",
        "string-width": "^7.0.0"
      },
      "engines": {
        "node": ">=18"
      },
      "funding": {
        "url": "https://github.com/sponsors/sindresorhus"
      }
    },
    "node_modules/colorette": {
      "version": "2.0.20",
      "dev": true,
      "license": "MIT"
    },
    "node_modules/commander": {
      "version": "12.1.0",
      "license": "MIT",
      "engines": {
        "node": ">=18"
      }
    },
    "node_modules/comment-json": {
      "version": "4.2.5",
      "license": "MIT",
      "dependencies": {
        "array-timsort": "^1.0.3",
        "core-util-is": "^1.0.3",
        "esprima": "^4.0.1",
        "has-own-prop": "^2.0.0",
        "repeat-string": "^1.6.1"
      },
      "engines": {
        "node": ">= 6"
      }
    },
    "node_modules/core-util-is": {
      "version": "1.0.3",
      "license": "MIT"
    },
    "node_modules/cross-spawn": {
      "version": "7.0.3",
      "dev": true,
      "license": "MIT",
      "dependencies": {
        "path-key": "^3.1.0",
        "shebang-command": "^2.0.0",
        "which": "^2.0.1"
      },
      "engines": {
        "node": ">= 8"
      }
    },
    "node_modules/cspell": {
      "version": "8.14.4",
      "license": "MIT",
      "dependencies": {
        "@cspell/cspell-json-reporter": "8.14.4",
        "@cspell/cspell-pipe": "8.14.4",
        "@cspell/cspell-types": "8.14.4",
        "@cspell/dynamic-import": "8.14.4",
        "@cspell/url": "8.14.4",
        "chalk": "^5.3.0",
        "chalk-template": "^1.1.0",
        "commander": "^12.1.0",
        "cspell-dictionary": "8.14.4",
        "cspell-gitignore": "8.14.4",
        "cspell-glob": "8.14.4",
        "cspell-io": "8.14.4",
        "cspell-lib": "8.14.4",
        "fast-glob": "^3.3.2",
        "fast-json-stable-stringify": "^2.1.0",
        "file-entry-cache": "^9.1.0",
        "get-stdin": "^9.0.0",
        "semver": "^7.6.3",
        "strip-ansi": "^7.1.0"
      },
      "bin": {
        "cspell": "bin.mjs",
        "cspell-esm": "bin.mjs"
      },
      "engines": {
        "node": ">=18"
      },
      "funding": {
        "url": "https://github.com/streetsidesoftware/cspell?sponsor=1"
      }
    },
    "node_modules/cspell-config-lib": {
      "version": "8.14.4",
      "license": "MIT",
      "dependencies": {
        "@cspell/cspell-types": "8.14.4",
        "comment-json": "^4.2.5",
        "yaml": "^2.5.1"
      },
      "engines": {
        "node": ">=18"
      }
    },
    "node_modules/cspell-dictionary": {
      "version": "8.14.4",
      "license": "MIT",
      "dependencies": {
        "@cspell/cspell-pipe": "8.14.4",
        "@cspell/cspell-types": "8.14.4",
        "cspell-trie-lib": "8.14.4",
        "fast-equals": "^5.0.1"
      },
      "engines": {
        "node": ">=18"
      }
    },
    "node_modules/cspell-gitignore": {
      "version": "8.14.4",
      "license": "MIT",
      "dependencies": {
        "@cspell/url": "8.14.4",
        "cspell-glob": "8.14.4",
        "cspell-io": "8.14.4",
        "find-up-simple": "^1.0.0"
      },
      "bin": {
        "cspell-gitignore": "bin.mjs"
      },
      "engines": {
        "node": ">=18"
      }
    },
    "node_modules/cspell-glob": {
      "version": "8.14.4",
      "license": "MIT",
      "dependencies": {
        "@cspell/url": "8.14.4",
        "micromatch": "^4.0.8"
      },
      "engines": {
        "node": ">=18"
      }
    },
    "node_modules/cspell-grammar": {
      "version": "8.14.4",
      "license": "MIT",
      "dependencies": {
        "@cspell/cspell-pipe": "8.14.4",
        "@cspell/cspell-types": "8.14.4"
      },
      "bin": {
        "cspell-grammar": "bin.mjs"
      },
      "engines": {
        "node": ">=18"
      }
    },
    "node_modules/cspell-io": {
      "version": "8.14.4",
      "license": "MIT",
      "dependencies": {
        "@cspell/cspell-service-bus": "8.14.4",
        "@cspell/url": "8.14.4"
      },
      "engines": {
        "node": ">=18"
      }
    },
    "node_modules/cspell-lib": {
      "version": "8.14.4",
      "license": "MIT",
      "dependencies": {
        "@cspell/cspell-bundled-dicts": "8.14.4",
        "@cspell/cspell-pipe": "8.14.4",
        "@cspell/cspell-resolver": "8.14.4",
        "@cspell/cspell-types": "8.14.4",
        "@cspell/dynamic-import": "8.14.4",
        "@cspell/filetypes": "8.14.4",
        "@cspell/strong-weak-map": "8.14.4",
        "@cspell/url": "8.14.4",
        "clear-module": "^4.1.2",
        "comment-json": "^4.2.5",
        "cspell-config-lib": "8.14.4",
        "cspell-dictionary": "8.14.4",
        "cspell-glob": "8.14.4",
        "cspell-grammar": "8.14.4",
        "cspell-io": "8.14.4",
        "cspell-trie-lib": "8.14.4",
        "env-paths": "^3.0.0",
        "fast-equals": "^5.0.1",
        "gensequence": "^7.0.0",
        "import-fresh": "^3.3.0",
        "resolve-from": "^5.0.0",
        "vscode-languageserver-textdocument": "^1.0.12",
        "vscode-uri": "^3.0.8",
        "xdg-basedir": "^5.1.0"
      },
      "engines": {
        "node": ">=18"
      }
    },
    "node_modules/cspell-trie-lib": {
      "version": "8.14.4",
      "license": "MIT",
      "dependencies": {
        "@cspell/cspell-pipe": "8.14.4",
        "@cspell/cspell-types": "8.14.4",
        "gensequence": "^7.0.0"
      },
      "engines": {
        "node": ">=18"
      }
    },
    "node_modules/debug": {
      "version": "4.3.7",
      "dev": true,
      "license": "MIT",
      "dependencies": {
        "ms": "^2.1.3"
      },
      "engines": {
        "node": ">=6.0"
      },
      "peerDependenciesMeta": {
        "supports-color": {
          "optional": true
        }
      }
    },
    "node_modules/emoji-regex": {
      "version": "10.4.0",
      "dev": true,
      "license": "MIT"
    },
    "node_modules/env-paths": {
      "version": "3.0.0",
      "license": "MIT",
      "engines": {
        "node": "^12.20.0 || ^14.13.1 || >=16.0.0"
      },
      "funding": {
        "url": "https://github.com/sponsors/sindresorhus"
      }
    },
    "node_modules/environment": {
      "version": "1.1.0",
      "dev": true,
      "license": "MIT",
      "engines": {
        "node": ">=18"
      },
      "funding": {
        "url": "https://github.com/sponsors/sindresorhus"
      }
    },
    "node_modules/esprima": {
      "version": "4.0.1",
      "license": "BSD-2-Clause",
      "bin": {
        "esparse": "bin/esparse.js",
        "esvalidate": "bin/esvalidate.js"
      },
      "engines": {
        "node": ">=4"
      }
    },
    "node_modules/eventemitter3": {
      "version": "5.0.1",
      "dev": true,
      "license": "MIT"
    },
    "node_modules/execa": {
      "version": "8.0.1",
      "dev": true,
      "license": "MIT",
      "dependencies": {
        "cross-spawn": "^7.0.3",
        "get-stream": "^8.0.1",
        "human-signals": "^5.0.0",
        "is-stream": "^3.0.0",
        "merge-stream": "^2.0.0",
        "npm-run-path": "^5.1.0",
        "onetime": "^6.0.0",
        "signal-exit": "^4.1.0",
        "strip-final-newline": "^3.0.0"
      },
      "engines": {
        "node": ">=16.17"
      },
      "funding": {
        "url": "https://github.com/sindresorhus/execa?sponsor=1"
      }
    },
    "node_modules/fast-equals": {
      "version": "5.0.1",
      "license": "MIT",
      "engines": {
        "node": ">=6.0.0"
      }
    },
    "node_modules/fast-glob": {
      "version": "3.3.2",
      "license": "MIT",
      "dependencies": {
        "@nodelib/fs.stat": "^2.0.2",
        "@nodelib/fs.walk": "^1.2.3",
        "glob-parent": "^5.1.2",
        "merge2": "^1.3.0",
        "micromatch": "^4.0.4"
      },
      "engines": {
        "node": ">=8.6.0"
      }
    },
    "node_modules/fast-json-stable-stringify": {
      "version": "2.1.0",
      "license": "MIT"
    },
    "node_modules/fastq": {
      "version": "1.17.1",
      "license": "ISC",
      "dependencies": {
        "reusify": "^1.0.4"
      }
    },
    "node_modules/file-entry-cache": {
      "version": "9.1.0",
      "license": "MIT",
      "dependencies": {
        "flat-cache": "^5.0.0"
      },
      "engines": {
        "node": ">=18"
      }
    },
    "node_modules/fill-range": {
      "version": "7.1.1",
      "license": "MIT",
      "dependencies": {
        "to-regex-range": "^5.0.1"
      },
      "engines": {
        "node": ">=8"
      }
    },
    "node_modules/find-up-simple": {
      "version": "1.0.0",
      "license": "MIT",
      "engines": {
        "node": ">=18"
      },
      "funding": {
        "url": "https://github.com/sponsors/sindresorhus"
      }
    },
    "node_modules/flat-cache": {
      "version": "5.0.0",
      "license": "MIT",
      "dependencies": {
        "flatted": "^3.3.1",
        "keyv": "^4.5.4"
      },
      "engines": {
        "node": ">=18"
      }
    },
    "node_modules/flatted": {
      "version": "3.3.1",
      "license": "ISC"
    },
    "node_modules/gensequence": {
      "version": "7.0.0",
      "license": "MIT",
      "engines": {
        "node": ">=18"
      }
    },
    "node_modules/get-east-asian-width": {
      "version": "1.2.0",
      "dev": true,
      "license": "MIT",
      "engines": {
        "node": ">=18"
      },
      "funding": {
        "url": "https://github.com/sponsors/sindresorhus"
      }
    },
    "node_modules/get-stdin": {
      "version": "9.0.0",
      "license": "MIT",
      "engines": {
        "node": ">=12"
      },
      "funding": {
        "url": "https://github.com/sponsors/sindresorhus"
      }
    },
    "node_modules/get-stream": {
      "version": "8.0.1",
      "dev": true,
      "license": "MIT",
      "engines": {
        "node": ">=16"
      },
      "funding": {
        "url": "https://github.com/sponsors/sindresorhus"
      }
    },
    "node_modules/glob-parent": {
      "version": "5.1.2",
      "license": "ISC",
      "dependencies": {
        "is-glob": "^4.0.1"
      },
      "engines": {
        "node": ">= 6"
      }
    },
    "node_modules/global-directory": {
      "version": "4.0.1",
      "license": "MIT",
      "dependencies": {
        "ini": "4.1.1"
      },
      "engines": {
        "node": ">=18"
      },
      "funding": {
        "url": "https://github.com/sponsors/sindresorhus"
      }
    },
    "node_modules/has-own-prop": {
      "version": "2.0.0",
      "license": "MIT",
      "engines": {
        "node": ">=8"
      }
    },
    "node_modules/human-signals": {
      "version": "5.0.0",
      "dev": true,
      "license": "Apache-2.0",
      "engines": {
        "node": ">=16.17.0"
      }
    },
    "node_modules/husky": {
      "version": "9.1.4",
      "dev": true,
      "license": "MIT",
      "bin": {
        "husky": "bin.js"
      },
      "engines": {
        "node": ">=18"
      },
      "funding": {
        "url": "https://github.com/sponsors/typicode"
      }
    },
    "node_modules/import-fresh": {
      "version": "3.3.0",
      "license": "MIT",
      "dependencies": {
        "parent-module": "^1.0.0",
        "resolve-from": "^4.0.0"
      },
      "engines": {
        "node": ">=6"
      },
      "funding": {
        "url": "https://github.com/sponsors/sindresorhus"
      }
    },
    "node_modules/import-fresh/node_modules/parent-module": {
      "version": "1.0.1",
      "license": "MIT",
      "dependencies": {
        "callsites": "^3.0.0"
      },
      "engines": {
        "node": ">=6"
      }
    },
    "node_modules/import-fresh/node_modules/resolve-from": {
      "version": "4.0.0",
      "license": "MIT",
      "engines": {
        "node": ">=4"
      }
    },
    "node_modules/import-meta-resolve": {
      "version": "4.1.0",
      "license": "MIT",
      "funding": {
        "type": "github",
        "url": "https://github.com/sponsors/wooorm"
      }
    },
    "node_modules/ini": {
      "version": "4.1.1",
      "license": "ISC",
      "engines": {
        "node": "^14.17.0 || ^16.13.0 || >=18.0.0"
      }
    },
    "node_modules/is-extglob": {
      "version": "2.1.1",
      "license": "MIT",
      "engines": {
        "node": ">=0.10.0"
      }
    },
    "node_modules/is-fullwidth-code-point": {
      "version": "4.0.0",
      "dev": true,
      "license": "MIT",
      "engines": {
        "node": ">=12"
      },
      "funding": {
        "url": "https://github.com/sponsors/sindresorhus"
      }
    },
    "node_modules/is-glob": {
      "version": "4.0.3",
      "license": "MIT",
      "dependencies": {
        "is-extglob": "^2.1.1"
      },
      "engines": {
        "node": ">=0.10.0"
      }
    },
    "node_modules/is-number": {
      "version": "7.0.0",
      "license": "MIT",
      "engines": {
        "node": ">=0.12.0"
      }
    },
    "node_modules/is-stream": {
      "version": "3.0.0",
      "dev": true,
      "license": "MIT",
      "engines": {
        "node": "^12.20.0 || ^14.13.1 || >=16.0.0"
      },
      "funding": {
        "url": "https://github.com/sponsors/sindresorhus"
      }
    },
    "node_modules/isexe": {
      "version": "2.0.0",
      "dev": true,
      "license": "ISC"
    },
    "node_modules/json-buffer": {
      "version": "3.0.1",
      "license": "MIT"
    },
    "node_modules/keyv": {
      "version": "4.5.4",
      "license": "MIT",
      "dependencies": {
        "json-buffer": "3.0.1"
      }
    },
    "node_modules/lilconfig": {
      "version": "3.1.2",
      "dev": true,
      "license": "MIT",
      "engines": {
        "node": ">=14"
      },
      "funding": {
        "url": "https://github.com/sponsors/antonk52"
      }
    },
    "node_modules/lint-staged": {
      "version": "15.2.10",
      "dev": true,
      "license": "MIT",
      "dependencies": {
        "chalk": "~5.3.0",
        "commander": "~12.1.0",
        "debug": "~4.3.6",
        "execa": "~8.0.1",
        "lilconfig": "~3.1.2",
        "listr2": "~8.2.4",
        "micromatch": "~4.0.8",
        "pidtree": "~0.6.0",
        "string-argv": "~0.3.2",
        "yaml": "~2.5.0"
      },
      "bin": {
        "lint-staged": "bin/lint-staged.js"
      },
      "engines": {
        "node": ">=18.12.0"
      },
      "funding": {
        "url": "https://opencollective.com/lint-staged"
      }
    },
    "node_modules/listr2": {
      "version": "8.2.4",
      "dev": true,
      "license": "MIT",
      "dependencies": {
        "cli-truncate": "^4.0.0",
        "colorette": "^2.0.20",
        "eventemitter3": "^5.0.1",
        "log-update": "^6.1.0",
        "rfdc": "^1.4.1",
        "wrap-ansi": "^9.0.0"
      },
      "engines": {
        "node": ">=18.0.0"
      }
    },
    "node_modules/log-update": {
      "version": "6.1.0",
      "dev": true,
      "license": "MIT",
      "dependencies": {
        "ansi-escapes": "^7.0.0",
        "cli-cursor": "^5.0.0",
        "slice-ansi": "^7.1.0",
        "strip-ansi": "^7.1.0",
        "wrap-ansi": "^9.0.0"
      },
      "engines": {
        "node": ">=18"
      },
      "funding": {
        "url": "https://github.com/sponsors/sindresorhus"
      }
    },
    "node_modules/log-update/node_modules/slice-ansi": {
      "version": "7.1.0",
      "dev": true,
      "license": "MIT",
      "dependencies": {
        "ansi-styles": "^6.2.1",
        "is-fullwidth-code-point": "^5.0.0"
      },
      "engines": {
        "node": ">=18"
      },
      "funding": {
        "url": "https://github.com/chalk/slice-ansi?sponsor=1"
      }
    },
    "node_modules/log-update/node_modules/slice-ansi/node_modules/is-fullwidth-code-point": {
      "version": "5.0.0",
      "dev": true,
      "license": "MIT",
      "dependencies": {
        "get-east-asian-width": "^1.0.0"
      },
      "engines": {
        "node": ">=18"
      },
      "funding": {
        "url": "https://github.com/sponsors/sindresorhus"
      }
    },
    "node_modules/merge-stream": {
      "version": "2.0.0",
      "dev": true,
      "license": "MIT"
    },
    "node_modules/merge2": {
      "version": "1.4.1",
      "license": "MIT",
      "engines": {
        "node": ">= 8"
      }
    },
    "node_modules/micromatch": {
      "version": "4.0.8",
      "license": "MIT",
      "dependencies": {
        "braces": "^3.0.3",
        "picomatch": "^2.3.1"
      },
      "engines": {
        "node": ">=8.6"
      }
    },
    "node_modules/mimic-fn": {
      "version": "4.0.0",
      "dev": true,
      "license": "MIT",
      "engines": {
        "node": ">=12"
      },
      "funding": {
        "url": "https://github.com/sponsors/sindresorhus"
      }
    },
    "node_modules/mimic-function": {
      "version": "5.0.1",
      "dev": true,
      "license": "MIT",
      "engines": {
        "node": ">=18"
      },
      "funding": {
        "url": "https://github.com/sponsors/sindresorhus"
      }
    },
    "node_modules/ms": {
      "version": "2.1.3",
      "dev": true,
      "license": "MIT"
    },
    "node_modules/npm-run-path": {
      "version": "5.3.0",
      "dev": true,
      "license": "MIT",
      "dependencies": {
        "path-key": "^4.0.0"
      },
      "engines": {
        "node": "^12.20.0 || ^14.13.1 || >=16.0.0"
      },
      "funding": {
        "url": "https://github.com/sponsors/sindresorhus"
      }
    },
    "node_modules/npm-run-path/node_modules/path-key": {
      "version": "4.0.0",
      "dev": true,
      "license": "MIT",
      "engines": {
        "node": ">=12"
      },
      "funding": {
        "url": "https://github.com/sponsors/sindresorhus"
      }
    },
    "node_modules/onetime": {
      "version": "6.0.0",
      "dev": true,
      "license": "MIT",
      "dependencies": {
        "mimic-fn": "^4.0.0"
      },
      "engines": {
        "node": ">=12"
      },
      "funding": {
        "url": "https://github.com/sponsors/sindresorhus"
      }
    },
    "node_modules/parent-module": {
      "version": "2.0.0",
      "license": "MIT",
      "dependencies": {
        "callsites": "^3.1.0"
      },
      "engines": {
        "node": ">=8"
      }
    },
    "node_modules/path-key": {
      "version": "3.1.1",
      "dev": true,
      "license": "MIT",
      "engines": {
        "node": ">=8"
      }
    },
    "node_modules/picomatch": {
      "version": "2.3.1",
      "license": "MIT",
      "engines": {
        "node": ">=8.6"
      },
      "funding": {
        "url": "https://github.com/sponsors/jonschlinkert"
      }
    },
    "node_modules/pidtree": {
      "version": "0.6.0",
      "dev": true,
      "license": "MIT",
      "bin": {
        "pidtree": "bin/pidtree.js"
      },
      "engines": {
        "node": ">=0.10"
      }
    },
    "node_modules/queue-microtask": {
      "version": "1.2.3",
      "funding": [
        {
          "type": "github",
          "url": "https://github.com/sponsors/feross"
        },
        {
          "type": "patreon",
          "url": "https://www.patreon.com/feross"
        },
        {
          "type": "consulting",
          "url": "https://feross.org/support"
        }
      ],
      "license": "MIT"
    },
    "node_modules/repeat-string": {
      "version": "1.6.1",
      "license": "MIT",
      "engines": {
        "node": ">=0.10"
      }
    },
    "node_modules/resolve-from": {
      "version": "5.0.0",
      "license": "MIT",
      "engines": {
        "node": ">=8"
      }
    },
    "node_modules/restore-cursor": {
      "version": "5.1.0",
      "dev": true,
      "license": "MIT",
      "dependencies": {
        "onetime": "^7.0.0",
        "signal-exit": "^4.1.0"
      },
      "engines": {
        "node": ">=18"
      },
      "funding": {
        "url": "https://github.com/sponsors/sindresorhus"
      }
    },
    "node_modules/restore-cursor/node_modules/onetime": {
      "version": "7.0.0",
      "dev": true,
      "license": "MIT",
      "dependencies": {
        "mimic-function": "^5.0.0"
      },
      "engines": {
        "node": ">=18"
      },
      "funding": {
        "url": "https://github.com/sponsors/sindresorhus"
      }
    },
    "node_modules/reusify": {
      "version": "1.0.4",
      "license": "MIT",
      "engines": {
        "iojs": ">=1.0.0",
        "node": ">=0.10.0"
      }
    },
    "node_modules/rfdc": {
      "version": "1.4.1",
      "dev": true,
      "license": "MIT"
    },
    "node_modules/run-parallel": {
      "version": "1.2.0",
      "funding": [
        {
          "type": "github",
          "url": "https://github.com/sponsors/feross"
        },
        {
          "type": "patreon",
          "url": "https://www.patreon.com/feross"
        },
        {
          "type": "consulting",
          "url": "https://feross.org/support"
        }
      ],
      "license": "MIT",
      "dependencies": {
        "queue-microtask": "^1.2.2"
      }
    },
    "node_modules/semver": {
      "version": "7.6.3",
      "license": "ISC",
      "bin": {
        "semver": "bin/semver.js"
      },
      "engines": {
        "node": ">=10"
      }
    },
    "node_modules/shebang-command": {
      "version": "2.0.0",
      "dev": true,
      "license": "MIT",
      "dependencies": {
        "shebang-regex": "^3.0.0"
      },
      "engines": {
        "node": ">=8"
      }
    },
    "node_modules/shebang-regex": {
      "version": "3.0.0",
      "dev": true,
      "license": "MIT",
      "engines": {
        "node": ">=8"
      }
    },
    "node_modules/signal-exit": {
      "version": "4.1.0",
      "dev": true,
      "license": "ISC",
      "engines": {
        "node": ">=14"
      },
      "funding": {
        "url": "https://github.com/sponsors/isaacs"
      }
    },
    "node_modules/slice-ansi": {
      "version": "5.0.0",
      "dev": true,
      "license": "MIT",
      "dependencies": {
        "ansi-styles": "^6.0.0",
        "is-fullwidth-code-point": "^4.0.0"
      },
      "engines": {
        "node": ">=12"
      },
      "funding": {
        "url": "https://github.com/chalk/slice-ansi?sponsor=1"
      }
    },
    "node_modules/string-argv": {
      "version": "0.3.2",
      "dev": true,
      "license": "MIT",
      "engines": {
        "node": ">=0.6.19"
      }
    },
    "node_modules/string-width": {
      "version": "7.2.0",
      "dev": true,
      "license": "MIT",
      "dependencies": {
        "emoji-regex": "^10.3.0",
        "get-east-asian-width": "^1.0.0",
        "strip-ansi": "^7.1.0"
      },
      "engines": {
        "node": ">=18"
      },
      "funding": {
        "url": "https://github.com/sponsors/sindresorhus"
      }
    },
    "node_modules/strip-ansi": {
      "version": "7.1.0",
      "license": "MIT",
      "dependencies": {
        "ansi-regex": "^6.0.1"
      },
      "engines": {
        "node": ">=12"
      },
      "funding": {
        "url": "https://github.com/chalk/strip-ansi?sponsor=1"
      }
    },
    "node_modules/strip-final-newline": {
      "version": "3.0.0",
      "dev": true,
      "license": "MIT",
      "engines": {
        "node": ">=12"
      },
      "funding": {
        "url": "https://github.com/sponsors/sindresorhus"
      }
    },
    "node_modules/to-regex-range": {
      "version": "5.0.1",
      "license": "MIT",
      "dependencies": {
        "is-number": "^7.0.0"
      },
      "engines": {
        "node": ">=8.0"
      }
    },
    "node_modules/typescript": {
      "version": "5.6.2",
      "dev": true,
      "license": "Apache-2.0",
      "bin": {
        "tsc": "bin/tsc",
        "tsserver": "bin/tsserver"
      },
      "engines": {
        "node": ">=14.17"
      }
    },
    "node_modules/undici-types": {
      "version": "5.26.5",
      "license": "MIT"
    },
    "node_modules/vscode-languageserver-textdocument": {
      "version": "1.0.12",
      "license": "MIT"
    },
    "node_modules/vscode-uri": {
      "version": "3.0.8",
      "license": "MIT"
    },
    "node_modules/which": {
      "version": "2.0.2",
      "dev": true,
      "license": "ISC",
      "dependencies": {
        "isexe": "^2.0.0"
      },
      "bin": {
        "node-which": "bin/node-which"
      },
      "engines": {
        "node": ">= 8"
      }
    },
    "node_modules/wrap-ansi": {
      "version": "9.0.0",
      "dev": true,
      "license": "MIT",
      "dependencies": {
        "ansi-styles": "^6.2.1",
        "string-width": "^7.0.0",
        "strip-ansi": "^7.1.0"
      },
      "engines": {
        "node": ">=18"
      },
      "funding": {
        "url": "https://github.com/chalk/wrap-ansi?sponsor=1"
      }
    },
    "node_modules/xdg-basedir": {
      "version": "5.1.0",
      "license": "MIT",
      "engines": {
        "node": ">=12"
      },
      "funding": {
        "url": "https://github.com/sponsors/sindresorhus"
      }
    },
    "node_modules/yaml": {
      "version": "2.5.1",
      "license": "ISC",
      "bin": {
        "yaml": "bin.mjs"
      },
      "engines": {
        "node": ">= 14"
      }
    },
    "node_modules/zod": {
      "version": "3.23.8",
      "license": "MIT",
      "funding": {
        "url": "https://github.com/sponsors/colinhacks"
      }
    }
  }
}
